{
  "version": 4,
  "terraform_version": "1.12.0",
  "serial": 95,
  "lineage": "c49bb17d-2247-e070-7e9e-fe1100558a72",
  "outputs": {
    "github_runner_ip": {
      "value": "15.223.200.95",
      "type": "string"
    },
    "private_key_pem": {
      "value": "-----BEGIN RSA PRIVATE KEY-----\nMIIJKQIBAAKCAgEAwb+oKyruhS9HjS8EVL+S7EfjDYx993DF3Re2SEJapAS1jwfE\n2NDADLfsh9OUGl+gc51Ov27u+bUgQbafYYhqom3el5uT8IZlNeiXM0Zp4brLs0wJ\noSqh3G9YMgGXP635BJzp0f27wUqgJI4FVXldasVOKtXtVZWUwS8fE1NBVFErli0i\newLZUWbkaU7kDxkzJLkDwLPG0MH5kahlbWyAghoW8dBkLgervAGTMwBsihtjAq4H\nPP9ou88owsg0t3AonIMRqcFv3wkAMSHv63n8yPF53BvKmwAvOxxpLy7lpPeEZCDu\nGAM1yFDGbmo+0jkADxTCMh6GOrWfNAm2dgTFbGq7/i8iM5SAvQeJoDYu3mMbS1De\nR/Zx3VGe/0G1A8cGje3eJJcZelQwOnj+BnNLAKsdxX2gTpiAOF1hYgej7Y070UO+\nkU7iABQZPJUTVyOYaHXm8UCfxhpOasX7njgy/kYUe0vdzM46+JteOKxGsu8nnBLl\nBtyK6Ht44ZH/rozFSCc9AvLzFr+MUD+WePDlhsNEgX0paRXJVtD45vWfIwqpqYZS\nIKgvBshofHRKNP8w5FzFjEx/qT2exS6TkoMW88n5DJukTsro7WSmi94zgKUWgjGl\nrjlTRI2oM4PZ+AgohdF2Nkz+XeNfU7qnUp00e6igBumhN0rEe708lutoyr8CAwEA\nAQKCAgASS5NJND4etHa4tbpeeFKa3jTqCByy+2KrvHv5ec6OU2WDkpO7d4bTDKEY\nuFlxXhtMH4walpKZYMmheum074lGOkK9JTNEkKRJAWQZsun3p0hp72GvZtOu+ZKl\n8jGCkV6E2X5Y1nFe0Lmrif+l8RZpqST29Yl6Pew0i8sO65stJ5cKkMuDOyMjRSiH\nayws4s/KBXB9x1wcRVzYLMMbIJZH8se84NU85XuJfsqUE9Or/OcODznewC13Ipoy\nPm5/7ebf1J6b3Yi/Ul3CxfYeUcAVh3ve1X79wPg0yDuEeZS0zayiOdvRx6fR+RKr\nxXuWJUzEn8ywp+I78/+LDem9Xjj4GAZL2dyBKavgniLEml2PV9kTFu/dZsxee/nA\ngHnEMLafqqtA4WTiPt1vdAK8RJ3zEovVa+Zo1XG1+XAi4Y+110acKHTtLyf9cVPc\nEb83aA2dkvxzvKWPdKTmfjlUlYocBtxlsBkFLlF92O7gLpz4fMrMSWYiOJQP516x\nk1ZnpYWDiMOJqSrQE3QwrnC2JrgGckYv6yKlpCp0Krzi71Lg7lbU2LDUNy483g+C\nJWUEwgqJwBmkCD8lTFx1/CxktU2vj8gfeK1gKEXsEtKTG63ic+ZJiycMpMWbm90x\nWaYxVt+zwjoK4qtm2z7dJ2KsvIkHMgkt+ZeTbOK5DrMlTAOxYQKCAQEA+tiXmuy5\nb90hzMJ3dSeD90dEGu3FMiRHrSVv9vCXl66zlHxDEKpas1TPHHiq8aXf7GRfhRZl\nHG5Ut7fH2SPLdVFEaRXL802lPcqg3259fzLYTOpOMCRh5FguBtFIiYnqtfoFUruo\n1HoVuHaMQ3q+DC9JhNdPb52+Jn9V1AfSgeEOo/lpeEUomKps4H07zRLqVgRrU8L/\nIQd4cAfOyHKciPoKa72xt4RSGXVebUXlEU+gkbfzmFTK8VUkKKgqA9JJqEhQrAB2\nZa5bhkt5JI1yNOwX1xMrFxqhKS8LtEVDlCVWAxQHxoTDkIB0s96o1tRTjLpR3Cpr\nv5Fic+FOKqhsXwKCAQEAxbq99ddTIHBMnGiwChjNLV4NSorLwJGfJIRLoHf9d4QE\naEcdS18mbEWoUWf0YmyyBro6HLNU29/GxEpM0Sw0FrKqgvUmPGb4mRJCCsP493Cv\ngxqZIdgHWp54rrVl4gJ3xpuLcWD3Lofa3T/H0MQ3f1NeO6INxTu+KO9+9Va8S99c\nmejX5MQs+jczvgUMRIQcN8ckW6M7khfLgeNvqLluhn6Su/IHupodmTyzYx0gSub2\nHu3nY3lBzmBTP1zcuvxm5Au7Ldd6bIwm52i02lQ0y1lzvyG7wHsunUyS2sohg8A6\nizt6bNDIZogRDLTX4/Z5mXOTOUpTJYNlAxtfSpY9oQKCAQEAm7dWrXKkTp/cOorB\nszU7g4Z27ayKTG0fHYnu7kE+KYfmrJdS3oaR1V8hTpBNtcJ9tfY9IZXcYIDREFcC\ntXW1+HbhW8aPG9Mob6pYoTqqpwp+IYkVzmbXafOfZtYGDHNUA3FYWppp3LSIxUC6\nI62PSmsUXWV3R1eJ0cYcFopgkAWQnBPY+DMeV178RYMYW16Rn6IQqieTTwKfLhR6\ntg4HxDRLwcQ5DS4T9P/aBUVtRIjEqZCio/6HGLb8wkxaAJNK7C8v/QYweUB6SmyR\noDI6IkYpKncYubfrMXCl+FtC7zUaJsEJbp+98vb6+ymOcAXQc7y50k13I61xi3Pi\nnTJ+SwKCAQAIFGdqwk+9RZl70rNO1lCcB/nXD/Dff5PXNCi69+w9lAFyGWXTDKJP\nTlFgcjUESJjFuZpiTdmr2msO3lJhQcMnIknhbA8R7Ms/xgU412U3Bz3Ex7N2NJOo\nWk1oJjVxlNQ8I2MBUQsItbh1zgNmPn5eD5QML8UMSDKvDYpMkCzFlOz9xQv9Zx7H\nYrYUj7Q+oH9esB6GOBdZEuvX9Ok9JcakbEumrm8uatnGxzo1VJ1bMjDgdqw73lqY\nCkucjTjf0yyJKQmPB/0Srm9wiVDKkyJNJOyb5M79QItZFiXyFsxjy9kYk2efRrDJ\nr8mykTk5MXsqkBR2BNl88O+Rvu6X56fBAoIBAQCXPgYtPB2zyQeaqz+95QsgSNj9\ntywtUtvVkWkwFH+9wVU8D3TBWMxV+dHOSC6z5Yzal4TZvW2ucmnREpwdLeCenwLt\nCfJlIPGUs8BN42LOnhutQrUo9pXAvtFsiwAki21Mta9fTZ4TR7f6XBooACUPamFr\nrEtqgGNnK1L0+9Hnz3On4AADx4PJ3fH+InbT+be14OLa3AHWbf5LlhWXFhuM7HiO\nMSyoYOgNM1ZR7dddSgNmVPWPx/rOwiSJK8F02J+EZjBETwV6FTpEG/E7LHflJYgy\nAkKdbg6Qhle0Yn89izkHkCoKdlVal7qW85Ep7s8o+TrlWeyP8wru/DGt9+sj\n-----END RSA PRIVATE KEY-----\n",
      "type": "string",
      "sensitive": true
    },
    "public_key_openssh": {
      "value": "ssh-rsa AAAAB3NzaC1yc2EAAAADAQABAAACAQDBv6grKu6FL0eNLwRUv5LsR+MNjH33cMXdF7ZIQlqkBLWPB8TY0MAMt+yH05QaX6BznU6/bu75tSBBtp9hiGqibd6Xm5PwhmU16JczRmnhusuzTAmhKqHcb1gyAZc/rfkEnOnR/bvBSqAkjgVVeV1qxU4q1e1VlZTBLx8TU0FUUSuWLSJ7AtlRZuRpTuQPGTMkuQPAs8bQwfmRqGVtbICCGhbx0GQuB6u8AZMzAGyKG2MCrgc8/2i7zyjCyDS3cCicgxGpwW/fCQAxIe/refzI8XncG8qbAC87HGkvLuWk94RkIO4YAzXIUMZuaj7SOQAPFMIyHoY6tZ80CbZ2BMVsarv+LyIzlIC9B4mgNi7eYxtLUN5H9nHdUZ7/QbUDxwaN7d4klxl6VDA6eP4Gc0sAqx3FfaBOmIA4XWFiB6PtjTvRQ76RTuIAFBk8lRNXI5hodebxQJ/GGk5qxfueODL+RhR7S93Mzjr4m144rEay7yecEuUG3Iroe3jhkf+ujMVIJz0C8vMWv4xQP5Z48OWGw0SBfSlpFclW0Pjm9Z8jCqmphlIgqC8GyGh8dEo0/zDkXMWMTH+pPZ7FLpOSgxbzyfkMm6ROyujtZKaL3jOApRaCMaWuOVNEjagzg9n4CCiF0XY2TP5d419TuqdSnTR7qKAG6aE3SsR7vTyW62jKvw==\n",
      "type": "string"
    },
    "sonarqube_ip": {
      "value": "99.79.40.43",
      "type": "string"
    }
  },
  "resources": [
    {
      "mode": "managed",
      "type": "aws_instance",
      "name": "github_runner",
      "provider": "provider[\"registry.terraform.io/hashicorp/aws\"]",
      "instances": [
        {
          "schema_version": 1,
          "attributes": {
            "ami": "ami-0a2e7efb4257c0907",
            "arn": "arn:aws:ec2:ca-central-1:645860290752:instance/i-0075baeb61b419287",
            "associate_public_ip_address": true,
            "availability_zone": "ca-central-1a",
            "capacity_reservation_specification": [
              {
                "capacity_reservation_preference": "open",
                "capacity_reservation_target": []
              }
            ],
            "cpu_core_count": 1,
            "cpu_options": [
              {
                "amd_sev_snp": "",
                "core_count": 1,
                "threads_per_core": 2
              }
            ],
            "cpu_threads_per_core": 2,
            "credit_specification": [
              {
                "cpu_credits": "unlimited"
              }
            ],
            "disable_api_stop": false,
            "disable_api_termination": false,
            "ebs_block_device": [],
            "ebs_optimized": false,
            "enable_primary_ipv6": null,
            "enclave_options": [
              {
                "enabled": false
              }
            ],
            "ephemeral_block_device": [],
            "get_password_data": false,
            "hibernation": false,
            "host_id": "",
            "host_resource_group_arn": null,
            "iam_instance_profile": "",
            "id": "i-0075baeb61b419287",
            "instance_initiated_shutdown_behavior": "stop",
            "instance_lifecycle": "",
            "instance_market_options": [],
            "instance_state": "running",
            "instance_type": "t3a.small",
            "ipv6_address_count": 0,
            "ipv6_addresses": [],
            "key_name": "projet-c-local-key",
            "launch_template": [],
            "maintenance_options": [
              {
                "auto_recovery": "default"
              }
            ],
            "metadata_options": [
              {
                "http_endpoint": "enabled",
                "http_protocol_ipv6": "disabled",
                "http_put_response_hop_limit": 1,
                "http_tokens": "optional",
                "instance_metadata_tags": "disabled"
              }
            ],
            "monitoring": false,
            "network_interface": [],
            "outpost_arn": "",
            "password_data": "",
            "placement_group": "",
            "placement_partition_number": 0,
            "primary_network_interface_id": "eni-0765bb7845d603e37",
            "private_dns": "ip-10-0-101-43.ca-central-1.compute.internal",
            "private_dns_name_options": [
              {
                "enable_resource_name_dns_a_record": false,
                "enable_resource_name_dns_aaaa_record": false,
                "hostname_type": "ip-name"
              }
            ],
            "private_ip": "10.0.101.43",
            "public_dns": "ec2-15-223-200-95.ca-central-1.compute.amazonaws.com",
            "public_ip": "15.223.200.95",
            "root_block_device": [
              {
                "delete_on_termination": true,
                "device_name": "/dev/sda1",
                "encrypted": false,
                "iops": 3000,
                "kms_key_id": "",
                "tags": {},
                "tags_all": {},
                "throughput": 125,
                "volume_id": "vol-0c9ae6154e3d02577",
                "volume_size": 20,
                "volume_type": "gp3"
              }
            ],
            "secondary_private_ips": [],
            "security_groups": [],
            "source_dest_check": true,
            "spot_instance_request_id": "",
            "subnet_id": "subnet-02709f4227863bb07",
            "tags": {
              "Environment": "local",
              "ManagedBy": "Terraform",
              "Name": "projet-c-github-runner",
              "Project": "projet-c"
            },
            "tags_all": {
              "Environment": "local",
              "ManagedBy": "Terraform",
              "Name": "projet-c-github-runner",
              "Project": "projet-c"
            },
            "tenancy": "default",
            "timeouts": null,
            "user_data": null,
            "user_data_base64": null,
            "user_data_replace_on_change": false,
            "volume_tags": null,
            "vpc_security_group_ids": [
              "sg-0a2f13ea8f8db8e46"
            ]
          },
          "sensitive_attributes": [],
          "identity_schema_version": 0,
          "private": "eyJlMmJmYjczMC1lY2FhLTExZTYtOGY4OC0zNDM2M2JjN2M0YzAiOnsiY3JlYXRlIjo2MDAwMDAwMDAwMDAsImRlbGV0ZSI6MTIwMDAwMDAwMDAwMCwicmVhZCI6OTAwMDAwMDAwMDAwLCJ1cGRhdGUiOjYwMDAwMDAwMDAwMH0sInNjaGVtYV92ZXJzaW9uIjoiMSJ9",
          "dependencies": [
            "aws_key_pair.deployer",
            "aws_security_group.instances",
            "module.vpc.aws_subnet.public",
            "module.vpc.aws_vpc.this",
            "module.vpc.aws_vpc_ipv4_cidr_block_association.this",
            "tls_private_key.deployer"
          ]
        }
      ]
    },
    {
      "mode": "managed",
      "type": "aws_instance",
      "name": "sonarqube",
      "provider": "provider[\"registry.terraform.io/hashicorp/aws\"]",
      "instances": [
        {
          "schema_version": 1,
          "attributes": {
            "ami": "ami-0a2e7efb4257c0907",
            "arn": "arn:aws:ec2:ca-central-1:645860290752:instance/i-0ed41fe5a11081662",
            "associate_public_ip_address": true,
            "availability_zone": "ca-central-1a",
            "capacity_reservation_specification": [
              {
                "capacity_reservation_preference": "open",
                "capacity_reservation_target": []
              }
            ],
            "cpu_core_count": 1,
            "cpu_options": [
              {
                "amd_sev_snp": "",
                "core_count": 1,
                "threads_per_core": 2
              }
            ],
            "cpu_threads_per_core": 2,
            "credit_specification": [
              {
                "cpu_credits": "unlimited"
              }
            ],
            "disable_api_stop": false,
            "disable_api_termination": false,
            "ebs_block_device": [],
            "ebs_optimized": false,
            "enable_primary_ipv6": null,
            "enclave_options": [
              {
                "enabled": false
              }
            ],
            "ephemeral_block_device": [],
            "get_password_data": false,
            "hibernation": false,
            "host_id": "",
            "host_resource_group_arn": null,
            "iam_instance_profile": "",
            "id": "i-0ed41fe5a11081662",
            "instance_initiated_shutdown_behavior": "stop",
            "instance_lifecycle": "",
            "instance_market_options": [],
            "instance_state": "running",
            "instance_type": "t3.medium",
            "ipv6_address_count": 0,
            "ipv6_addresses": [],
            "key_name": "projet-c-local-key",
            "launch_template": [],
            "maintenance_options": [
              {
                "auto_recovery": "default"
              }
            ],
            "metadata_options": [
              {
                "http_endpoint": "enabled",
                "http_protocol_ipv6": "disabled",
                "http_put_response_hop_limit": 1,
                "http_tokens": "optional",
                "instance_metadata_tags": "disabled"
              }
            ],
            "monitoring": false,
            "network_interface": [],
            "outpost_arn": "",
            "password_data": "",
            "placement_group": "",
            "placement_partition_number": 0,
            "primary_network_interface_id": "eni-005accc1fe3677b0d",
            "private_dns": "ip-10-0-101-234.ca-central-1.compute.internal",
            "private_dns_name_options": [
              {
                "enable_resource_name_dns_a_record": false,
                "enable_resource_name_dns_aaaa_record": false,
                "hostname_type": "ip-name"
              }
            ],
            "private_ip": "10.0.101.234",
            "public_dns": "ec2-99-79-40-43.ca-central-1.compute.amazonaws.com",
            "public_ip": "99.79.40.43",
            "root_block_device": [
              {
                "delete_on_termination": true,
                "device_name": "/dev/sda1",
                "encrypted": false,
                "iops": 3000,
                "kms_key_id": "",
                "tags": {},
                "tags_all": {},
                "throughput": 125,
                "volume_id": "vol-01a7f5efc4ec23387",
                "volume_size": 32,
                "volume_type": "gp3"
              }
            ],
            "secondary_private_ips": [],
            "security_groups": [],
            "source_dest_check": true,
            "spot_instance_request_id": "",
            "subnet_id": "subnet-02709f4227863bb07",
            "tags": {
              "Environment": "local",
              "ManagedBy": "Terraform",
              "Name": "projet-c-sonarqube",
              "Project": "projet-c"
            },
            "tags_all": {
              "Environment": "local",
              "ManagedBy": "Terraform",
              "Name": "projet-c-sonarqube",
              "Project": "projet-c"
            },
            "tenancy": "default",
            "timeouts": null,
            "user_data": null,
            "user_data_base64": null,
            "user_data_replace_on_change": false,
            "volume_tags": null,
            "vpc_security_group_ids": [
              "sg-0a2f13ea8f8db8e46"
            ]
          },
          "sensitive_attributes": [],
          "identity_schema_version": 0,
          "private": "eyJlMmJmYjczMC1lY2FhLTExZTYtOGY4OC0zNDM2M2JjN2M0YzAiOnsiY3JlYXRlIjo2MDAwMDAwMDAwMDAsImRlbGV0ZSI6MTIwMDAwMDAwMDAwMCwicmVhZCI6OTAwMDAwMDAwMDAwLCJ1cGRhdGUiOjYwMDAwMDAwMDAwMH0sInNjaGVtYV92ZXJzaW9uIjoiMSJ9",
          "dependencies": [
            "aws_key_pair.deployer",
            "aws_security_group.instances",
            "module.vpc.aws_subnet.public",
            "module.vpc.aws_vpc.this",
            "module.vpc.aws_vpc_ipv4_cidr_block_association.this",
            "tls_private_key.deployer"
          ]
        }
      ]
    },
    {
      "mode": "managed",
      "type": "aws_key_pair",
      "name": "deployer",
      "provider": "provider[\"registry.terraform.io/hashicorp/aws\"]",
      "instances": [
        {
          "schema_version": 1,
          "attributes": {
            "arn": "arn:aws:ec2:ca-central-1:645860290752:key-pair/projet-c-local-key",
            "fingerprint": "ce:db:18:fc:97:00:7f:a7:9b:4d:fa:1c:e4:57:fc:12",
            "id": "projet-c-local-key",
            "key_name": "projet-c-local-key",
            "key_name_prefix": "",
            "key_pair_id": "key-05028999a143d5a6c",
            "key_type": "rsa",
            "public_key": "ssh-rsa AAAAB3NzaC1yc2EAAAADAQABAAACAQDBv6grKu6FL0eNLwRUv5LsR+MNjH33cMXdF7ZIQlqkBLWPB8TY0MAMt+yH05QaX6BznU6/bu75tSBBtp9hiGqibd6Xm5PwhmU16JczRmnhusuzTAmhKqHcb1gyAZc/rfkEnOnR/bvBSqAkjgVVeV1qxU4q1e1VlZTBLx8TU0FUUSuWLSJ7AtlRZuRpTuQPGTMkuQPAs8bQwfmRqGVtbICCGhbx0GQuB6u8AZMzAGyKG2MCrgc8/2i7zyjCyDS3cCicgxGpwW/fCQAxIe/refzI8XncG8qbAC87HGkvLuWk94RkIO4YAzXIUMZuaj7SOQAPFMIyHoY6tZ80CbZ2BMVsarv+LyIzlIC9B4mgNi7eYxtLUN5H9nHdUZ7/QbUDxwaN7d4klxl6VDA6eP4Gc0sAqx3FfaBOmIA4XWFiB6PtjTvRQ76RTuIAFBk8lRNXI5hodebxQJ/GGk5qxfueODL+RhR7S93Mzjr4m144rEay7yecEuUG3Iroe3jhkf+ujMVIJz0C8vMWv4xQP5Z48OWGw0SBfSlpFclW0Pjm9Z8jCqmphlIgqC8GyGh8dEo0/zDkXMWMTH+pPZ7FLpOSgxbzyfkMm6ROyujtZKaL3jOApRaCMaWuOVNEjagzg9n4CCiF0XY2TP5d419TuqdSnTR7qKAG6aE3SsR7vTyW62jKvw==",
            "tags": {},
            "tags_all": {}
          },
          "sensitive_attributes": [],
          "identity_schema_version": 0,
          "private": "eyJzY2hlbWFfdmVyc2lvbiI6IjEifQ==",
          "dependencies": [
            "tls_private_key.deployer"
          ]
        }
      ]
    },
    {
      "mode": "managed",
      "type": "aws_security_group",
      "name": "instances",
      "provider": "provider[\"registry.terraform.io/hashicorp/aws\"]",
      "instances": [
        {
          "schema_version": 1,
          "attributes": {
            "arn": "arn:aws:ec2:ca-central-1:645860290752:security-group/sg-0a2f13ea8f8db8e46",
            "description": "Security group for EC2 instances",
            "egress": [
              {
                "cidr_blocks": [
                  "0.0.0.0/0"
                ],
                "description": "",
                "from_port": 0,
                "ipv6_cidr_blocks": [],
                "prefix_list_ids": [],
                "protocol": "-1",
                "security_groups": [],
                "self": false,
                "to_port": 0
              }
            ],
            "id": "sg-0a2f13ea8f8db8e46",
            "ingress": [
              {
                "cidr_blocks": [
                  "0.0.0.0/0"
                ],
                "description": "",
                "from_port": 22,
                "ipv6_cidr_blocks": [],
                "prefix_list_ids": [],
                "protocol": "tcp",
                "security_groups": [],
                "self": false,
                "to_port": 22
              },
              {
                "cidr_blocks": [
                  "0.0.0.0/0"
                ],
                "description": "",
                "from_port": 9000,
                "ipv6_cidr_blocks": [],
                "prefix_list_ids": [],
                "protocol": "tcp",
                "security_groups": [],
                "self": false,
                "to_port": 9000
              }
            ],
            "name": "projet-c-instances-sg",
            "name_prefix": "",
            "owner_id": "645860290752",
            "revoke_rules_on_delete": false,
            "tags": {
              "Environment": "local",
              "ManagedBy": "Terraform",
              "Project": "projet-c"
            },
            "tags_all": {
              "Environment": "local",
              "ManagedBy": "Terraform",
              "Project": "projet-c"
            },
            "timeouts": null,
            "vpc_id": "vpc-019c80408b8814dfe"
          },
          "sensitive_attributes": [],
          "identity_schema_version": 0,
          "private": "eyJlMmJmYjczMC1lY2FhLTExZTYtOGY4OC0zNDM2M2JjN2M0YzAiOnsiY3JlYXRlIjo2MDAwMDAwMDAwMDAsImRlbGV0ZSI6OTAwMDAwMDAwMDAwfSwic2NoZW1hX3ZlcnNpb24iOiIxIn0=",
          "dependencies": [
            "module.vpc.aws_vpc.this"
          ],
          "create_before_destroy": true
        }
      ]
    },
    {
      "mode": "managed",
      "type": "local_file",
      "name": "ansible_inventory",
      "provider": "provider[\"registry.terraform.io/hashicorp/local\"]",
      "instances": [
        {
          "schema_version": 0,
          "attributes": {
            "content": "[github_runner]\n15.223.200.95 ansible_user=ubuntu ansible_ssh_private_key_file=../files/id_rsa\n\n[sonarqube]\n99.79.40.43 ansible_user=ubuntu ansible_ssh_private_key_file=../files/id_rsa\n",
            "content_base64": null,
            "content_base64sha256": "Udf8lqgFY5aKWPyxwBdiptEGjiKvFM5KO54Eb2fkhfU=",
            "content_base64sha512": "JL1dDjlYyAdsYTibgPJECV3VQpKOWNlDpVlmcJFM84QfFo9HJQfWbECLkHGp5jd77izc1nJ71HZKI6j/frUuwQ==",
            "content_md5": "fc8897465a118ab740303cfe34e8c624",
            "content_sha1": "ca44439af9b66de2c24ed3cc0cf9b2da78e36a5e",
            "content_sha256": "51d7fc96a80563968a58fcb1c01762a6d1068e22af14ce4a3b9e046f67e485f5",
            "content_sha512": "24bd5d0e3958c8076c61389b80f244095dd542928e58d943a5596670914cf3841f168f472507d66c408b9071a9e6377bee2cdcd6727bd4764a23a8ff7eb52ec1",
            "directory_permission": "0777",
            "file_permission": "0777",
            "filename": "./../ansible/inventory.ini",
            "id": "ca44439af9b66de2c24ed3cc0cf9b2da78e36a5e",
            "sensitive_content": null,
            "source": null
          },
          "sensitive_attributes": [
            [
              {
                "type": "get_attr",
                "value": "sensitive_content"
              }
            ]
          ],
          "identity_schema_version": 0,
          "dependencies": [
            "aws_instance.github_runner",
            "aws_instance.sonarqube",
            "aws_key_pair.deployer",
            "aws_security_group.instances",
            "module.vpc.aws_subnet.public",
            "module.vpc.aws_vpc.this",
            "module.vpc.aws_vpc_ipv4_cidr_block_association.this",
            "tls_private_key.deployer"
          ]
        }
      ]
    },
    {
      "mode": "managed",
      "type": "local_file",
      "name": "private_key",
      "provider": "provider[\"registry.terraform.io/hashicorp/local\"]",
      "instances": [
        {
          "schema_version": 0,
          "attributes": {
            "content": "-----BEGIN RSA PRIVATE KEY-----\nMIIJKQIBAAKCAgEAwb+oKyruhS9HjS8EVL+S7EfjDYx993DF3Re2SEJapAS1jwfE\n2NDADLfsh9OUGl+gc51Ov27u+bUgQbafYYhqom3el5uT8IZlNeiXM0Zp4brLs0wJ\noSqh3G9YMgGXP635BJzp0f27wUqgJI4FVXldasVOKtXtVZWUwS8fE1NBVFErli0i\newLZUWbkaU7kDxkzJLkDwLPG0MH5kahlbWyAghoW8dBkLgervAGTMwBsihtjAq4H\nPP9ou88owsg0t3AonIMRqcFv3wkAMSHv63n8yPF53BvKmwAvOxxpLy7lpPeEZCDu\nGAM1yFDGbmo+0jkADxTCMh6GOrWfNAm2dgTFbGq7/i8iM5SAvQeJoDYu3mMbS1De\nR/Zx3VGe/0G1A8cGje3eJJcZelQwOnj+BnNLAKsdxX2gTpiAOF1hYgej7Y070UO+\nkU7iABQZPJUTVyOYaHXm8UCfxhpOasX7njgy/kYUe0vdzM46+JteOKxGsu8nnBLl\nBtyK6Ht44ZH/rozFSCc9AvLzFr+MUD+WePDlhsNEgX0paRXJVtD45vWfIwqpqYZS\nIKgvBshofHRKNP8w5FzFjEx/qT2exS6TkoMW88n5DJukTsro7WSmi94zgKUWgjGl\nrjlTRI2oM4PZ+AgohdF2Nkz+XeNfU7qnUp00e6igBumhN0rEe708lutoyr8CAwEA\nAQKCAgASS5NJND4etHa4tbpeeFKa3jTqCByy+2KrvHv5ec6OU2WDkpO7d4bTDKEY\nuFlxXhtMH4walpKZYMmheum074lGOkK9JTNEkKRJAWQZsun3p0hp72GvZtOu+ZKl\n8jGCkV6E2X5Y1nFe0Lmrif+l8RZpqST29Yl6Pew0i8sO65stJ5cKkMuDOyMjRSiH\nayws4s/KBXB9x1wcRVzYLMMbIJZH8se84NU85XuJfsqUE9Or/OcODznewC13Ipoy\nPm5/7ebf1J6b3Yi/Ul3CxfYeUcAVh3ve1X79wPg0yDuEeZS0zayiOdvRx6fR+RKr\nxXuWJUzEn8ywp+I78/+LDem9Xjj4GAZL2dyBKavgniLEml2PV9kTFu/dZsxee/nA\ngHnEMLafqqtA4WTiPt1vdAK8RJ3zEovVa+Zo1XG1+XAi4Y+110acKHTtLyf9cVPc\nEb83aA2dkvxzvKWPdKTmfjlUlYocBtxlsBkFLlF92O7gLpz4fMrMSWYiOJQP516x\nk1ZnpYWDiMOJqSrQE3QwrnC2JrgGckYv6yKlpCp0Krzi71Lg7lbU2LDUNy483g+C\nJWUEwgqJwBmkCD8lTFx1/CxktU2vj8gfeK1gKEXsEtKTG63ic+ZJiycMpMWbm90x\nWaYxVt+zwjoK4qtm2z7dJ2KsvIkHMgkt+ZeTbOK5DrMlTAOxYQKCAQEA+tiXmuy5\nb90hzMJ3dSeD90dEGu3FMiRHrSVv9vCXl66zlHxDEKpas1TPHHiq8aXf7GRfhRZl\nHG5Ut7fH2SPLdVFEaRXL802lPcqg3259fzLYTOpOMCRh5FguBtFIiYnqtfoFUruo\n1HoVuHaMQ3q+DC9JhNdPb52+Jn9V1AfSgeEOo/lpeEUomKps4H07zRLqVgRrU8L/\nIQd4cAfOyHKciPoKa72xt4RSGXVebUXlEU+gkbfzmFTK8VUkKKgqA9JJqEhQrAB2\nZa5bhkt5JI1yNOwX1xMrFxqhKS8LtEVDlCVWAxQHxoTDkIB0s96o1tRTjLpR3Cpr\nv5Fic+FOKqhsXwKCAQEAxbq99ddTIHBMnGiwChjNLV4NSorLwJGfJIRLoHf9d4QE\naEcdS18mbEWoUWf0YmyyBro6HLNU29/GxEpM0Sw0FrKqgvUmPGb4mRJCCsP493Cv\ngxqZIdgHWp54rrVl4gJ3xpuLcWD3Lofa3T/H0MQ3f1NeO6INxTu+KO9+9Va8S99c\nmejX5MQs+jczvgUMRIQcN8ckW6M7khfLgeNvqLluhn6Su/IHupodmTyzYx0gSub2\nHu3nY3lBzmBTP1zcuvxm5Au7Ldd6bIwm52i02lQ0y1lzvyG7wHsunUyS2sohg8A6\nizt6bNDIZogRDLTX4/Z5mXOTOUpTJYNlAxtfSpY9oQKCAQEAm7dWrXKkTp/cOorB\nszU7g4Z27ayKTG0fHYnu7kE+KYfmrJdS3oaR1V8hTpBNtcJ9tfY9IZXcYIDREFcC\ntXW1+HbhW8aPG9Mob6pYoTqqpwp+IYkVzmbXafOfZtYGDHNUA3FYWppp3LSIxUC6\nI62PSmsUXWV3R1eJ0cYcFopgkAWQnBPY+DMeV178RYMYW16Rn6IQqieTTwKfLhR6\ntg4HxDRLwcQ5DS4T9P/aBUVtRIjEqZCio/6HGLb8wkxaAJNK7C8v/QYweUB6SmyR\noDI6IkYpKncYubfrMXCl+FtC7zUaJsEJbp+98vb6+ymOcAXQc7y50k13I61xi3Pi\nnTJ+SwKCAQAIFGdqwk+9RZl70rNO1lCcB/nXD/Dff5PXNCi69+w9lAFyGWXTDKJP\nTlFgcjUESJjFuZpiTdmr2msO3lJhQcMnIknhbA8R7Ms/xgU412U3Bz3Ex7N2NJOo\nWk1oJjVxlNQ8I2MBUQsItbh1zgNmPn5eD5QML8UMSDKvDYpMkCzFlOz9xQv9Zx7H\nYrYUj7Q+oH9esB6GOBdZEuvX9Ok9JcakbEumrm8uatnGxzo1VJ1bMjDgdqw73lqY\nCkucjTjf0yyJKQmPB/0Srm9wiVDKkyJNJOyb5M79QItZFiXyFsxjy9kYk2efRrDJ\nr8mykTk5MXsqkBR2BNl88O+Rvu6X56fBAoIBAQCXPgYtPB2zyQeaqz+95QsgSNj9\ntywtUtvVkWkwFH+9wVU8D3TBWMxV+dHOSC6z5Yzal4TZvW2ucmnREpwdLeCenwLt\nCfJlIPGUs8BN42LOnhutQrUo9pXAvtFsiwAki21Mta9fTZ4TR7f6XBooACUPamFr\nrEtqgGNnK1L0+9Hnz3On4AADx4PJ3fH+InbT+be14OLa3AHWbf5LlhWXFhuM7HiO\nMSyoYOgNM1ZR7dddSgNmVPWPx/rOwiSJK8F02J+EZjBETwV6FTpEG/E7LHflJYgy\nAkKdbg6Qhle0Yn89izkHkCoKdlVal7qW85Ep7s8o+TrlWeyP8wru/DGt9+sj\n-----END RSA PRIVATE KEY-----\n",
            "content_base64": null,
            "content_base64sha256": "cipwH3I+VqEWenNIb8oyGlbfnQkOQw5Xs341CYE/+2g=",
            "content_base64sha512": "FOXVeeDOPWuOONWpFYxzQnn09L2GUqWmkUf9ghss6Lss9ftY3/4DFIuD0vXnr8sKV+HpPapdG8y6QAmLks9udg==",
            "content_md5": "d1fb137dc70608fbf0d916b88ab8a94f",
            "content_sha1": "dbabd0ef3e957a37cbad83bb34fed874e951a0b1",
            "content_sha256": "722a701f723e56a1167a73486fca321a56df9d090e430e57b37e3509813ffb68",
            "content_sha512": "14e5d579e0ce3d6b8e38d5a9158c734279f4f4bd8652a5a69147fd821b2ce8bb2cf5fb58dffe03148b83d2f5e7afcb0a57e1e93daa5d1bccba40098b92cf6e76",
            "directory_permission": "0777",
            "file_permission": "0600",
            "filename": "./../files/id_rsa",
            "id": "dbabd0ef3e957a37cbad83bb34fed874e951a0b1",
            "sensitive_content": null,
            "source": null
          },
          "sensitive_attributes": [
            [
              {
                "type": "get_attr",
                "value": "content"
              }
            ],
            [
              {
                "type": "get_attr",
                "value": "sensitive_content"
              }
            ]
          ],
          "identity_schema_version": 0,
          "dependencies": [
            "tls_private_key.deployer"
          ]
        }
      ]
    },
    {
      "mode": "managed",
      "type": "local_file",
      "name": "public_key",
      "provider": "provider[\"registry.terraform.io/hashicorp/local\"]",
      "instances": [
        {
          "schema_version": 0,
          "attributes": {
            "content": "ssh-rsa AAAAB3NzaC1yc2EAAAADAQABAAACAQDBv6grKu6FL0eNLwRUv5LsR+MNjH33cMXdF7ZIQlqkBLWPB8TY0MAMt+yH05QaX6BznU6/bu75tSBBtp9hiGqibd6Xm5PwhmU16JczRmnhusuzTAmhKqHcb1gyAZc/rfkEnOnR/bvBSqAkjgVVeV1qxU4q1e1VlZTBLx8TU0FUUSuWLSJ7AtlRZuRpTuQPGTMkuQPAs8bQwfmRqGVtbICCGhbx0GQuB6u8AZMzAGyKG2MCrgc8/2i7zyjCyDS3cCicgxGpwW/fCQAxIe/refzI8XncG8qbAC87HGkvLuWk94RkIO4YAzXIUMZuaj7SOQAPFMIyHoY6tZ80CbZ2BMVsarv+LyIzlIC9B4mgNi7eYxtLUN5H9nHdUZ7/QbUDxwaN7d4klxl6VDA6eP4Gc0sAqx3FfaBOmIA4XWFiB6PtjTvRQ76RTuIAFBk8lRNXI5hodebxQJ/GGk5qxfueODL+RhR7S93Mzjr4m144rEay7yecEuUG3Iroe3jhkf+ujMVIJz0C8vMWv4xQP5Z48OWGw0SBfSlpFclW0Pjm9Z8jCqmphlIgqC8GyGh8dEo0/zDkXMWMTH+pPZ7FLpOSgxbzyfkMm6ROyujtZKaL3jOApRaCMaWuOVNEjagzg9n4CCiF0XY2TP5d419TuqdSnTR7qKAG6aE3SsR7vTyW62jKvw==\n",
            "content_base64": null,
            "content_base64sha256": "7H2OFB85Hax40gZjwm7cWN3Wt1MWc/lz+UsHvTWDWmI=",
            "content_base64sha512": "W1ZzboPcJlgqoqatX6UKIwZdkv/AeLrW3PeJ42iQo2KcT6h3CoG1JnMwjh0J3XvBK9kILZY0ePZeRP2MnvnSuw==",
            "content_md5": "b8e1073b69ad02f8fbb1b018f49a7d05",
            "content_sha1": "5a179343230163d074e981ec8c90ca49ae445d27",
            "content_sha256": "ec7d8e141f391dac78d20663c26edc58ddd6b7531673f973f94b07bd35835a62",
            "content_sha512": "5b56736e83dc26582aa2a6ad5fa50a23065d92ffc078bad6dcf789e36890a3629c4fa8770a81b52673308e1d09dd7bc12bd9082d963478f65e44fd8c9ef9d2bb",
            "directory_permission": "0777",
            "file_permission": "0644",
            "filename": "./../files/id_rsa.pub",
            "id": "5a179343230163d074e981ec8c90ca49ae445d27",
            "sensitive_content": null,
            "source": null
          },
          "sensitive_attributes": [
            [
              {
                "type": "get_attr",
                "value": "sensitive_content"
              }
            ]
          ],
          "identity_schema_version": 0,
          "dependencies": [
            "tls_private_key.deployer"
          ]
        }
      ]
    },
    {
      "mode": "managed",
      "type": "tls_private_key",
      "name": "deployer",
      "provider": "provider[\"registry.terraform.io/hashicorp/tls\"]",
      "instances": [
        {
          "schema_version": 1,
          "attributes": {
            "algorithm": "RSA",
            "ecdsa_curve": "P224",
            "id": "7f5c7b2000d4bba3baa8675589e048492e19854c",
            "private_key_openssh": "-----BEGIN OPENSSH PRIVATE KEY-----\nb3BlbnNzaC1rZXktdjEAAAAABG5vbmUAAAAEbm9uZQAAAAAAAAABAAACFwAAAAdz\nc2gtcnNhAAAAAwEAAQAAAgEAwb+oKyruhS9HjS8EVL+S7EfjDYx993DF3Re2SEJa\npAS1jwfE2NDADLfsh9OUGl+gc51Ov27u+bUgQbafYYhqom3el5uT8IZlNeiXM0Zp\n4brLs0wJoSqh3G9YMgGXP635BJzp0f27wUqgJI4FVXldasVOKtXtVZWUwS8fE1NB\nVFErli0iewLZUWbkaU7kDxkzJLkDwLPG0MH5kahlbWyAghoW8dBkLgervAGTMwBs\nihtjAq4HPP9ou88owsg0t3AonIMRqcFv3wkAMSHv63n8yPF53BvKmwAvOxxpLy7l\npPeEZCDuGAM1yFDGbmo+0jkADxTCMh6GOrWfNAm2dgTFbGq7/i8iM5SAvQeJoDYu\n3mMbS1DeR/Zx3VGe/0G1A8cGje3eJJcZelQwOnj+BnNLAKsdxX2gTpiAOF1hYgej\n7Y070UO+kU7iABQZPJUTVyOYaHXm8UCfxhpOasX7njgy/kYUe0vdzM46+JteOKxG\nsu8nnBLlBtyK6Ht44ZH/rozFSCc9AvLzFr+MUD+WePDlhsNEgX0paRXJVtD45vWf\nIwqpqYZSIKgvBshofHRKNP8w5FzFjEx/qT2exS6TkoMW88n5DJukTsro7WSmi94z\ngKUWgjGlrjlTRI2oM4PZ+AgohdF2Nkz+XeNfU7qnUp00e6igBumhN0rEe708luto\nyr8AAAc4TRk9uE0ZPbgAAAAHc3NoLXJzYQAAAgEAwb+oKyruhS9HjS8EVL+S7Efj\nDYx993DF3Re2SEJapAS1jwfE2NDADLfsh9OUGl+gc51Ov27u+bUgQbafYYhqom3e\nl5uT8IZlNeiXM0Zp4brLs0wJoSqh3G9YMgGXP635BJzp0f27wUqgJI4FVXldasVO\nKtXtVZWUwS8fE1NBVFErli0iewLZUWbkaU7kDxkzJLkDwLPG0MH5kahlbWyAghoW\n8dBkLgervAGTMwBsihtjAq4HPP9ou88owsg0t3AonIMRqcFv3wkAMSHv63n8yPF5\n3BvKmwAvOxxpLy7lpPeEZCDuGAM1yFDGbmo+0jkADxTCMh6GOrWfNAm2dgTFbGq7\n/i8iM5SAvQeJoDYu3mMbS1DeR/Zx3VGe/0G1A8cGje3eJJcZelQwOnj+BnNLAKsd\nxX2gTpiAOF1hYgej7Y070UO+kU7iABQZPJUTVyOYaHXm8UCfxhpOasX7njgy/kYU\ne0vdzM46+JteOKxGsu8nnBLlBtyK6Ht44ZH/rozFSCc9AvLzFr+MUD+WePDlhsNE\ngX0paRXJVtD45vWfIwqpqYZSIKgvBshofHRKNP8w5FzFjEx/qT2exS6TkoMW88n5\nDJukTsro7WSmi94zgKUWgjGlrjlTRI2oM4PZ+AgohdF2Nkz+XeNfU7qnUp00e6ig\nBumhN0rEe708lutoyr8AAAADAQABAAACABJLk0k0Ph60dri1ul54UpreNOoIHLL7\nYqu8e/l5zo5TZYOSk7t3htMMoRi4WXFeG0wfjBqWkplgyaF66bTviUY6Qr0lM0SQ\npEkBZBmy6fenSGnvYa9m0675kqXyMYKRXoTZfljWcV7QuauJ/6XxFmmpJPb1iXo9\n7DSLyw7rmy0nlwqQy4M7IyNFKIdrLCziz8oFcH3HXBxFXNgswxsglkfyx7zg1Tzl\ne4l+ypQT06v85w4POd7ALXcimjI+bn/t5t/UnpvdiL9SXcLF9h5RwBWHe97Vfv3A\n+DTIO4R5lLTNrKI529HHp9H5EqvFe5YlTMSfzLCn4jvz/4sN6b1eOPgYBkvZ3IEp\nq+CeIsSaXY9X2RMW791mzF57+cCAecQwtp+qq0DhZOI+3W90ArxEnfMSi9Vr5mjV\ncbX5cCLhj7XXRpwodO0vJ/1xU9wRvzdoDZ2S/HO8pY90pOZ+OVSVihwG3GWwGQUu\nUX3Y7uAunPh8ysxJZiI4lA/nXrGTVmelhYOIw4mpKtATdDCucLYmuAZyRi/rIqWk\nKnQqvOLvUuDuVtTYsNQ3LjzeD4IlZQTCConAGaQIPyVMXHX8LGS1Ta+PyB94rWAo\nRewS0pMbreJz5kmLJwykxZub3TFZpjFW37PCOgriq2bbPt0nYqy8iQcyCS35l5Ns\n4rkOsyVMA7FhAAABAQCXPgYtPB2zyQeaqz+95QsgSNj9tywtUtvVkWkwFH+9wVU8\nD3TBWMxV+dHOSC6z5Yzal4TZvW2ucmnREpwdLeCenwLtCfJlIPGUs8BN42LOnhut\nQrUo9pXAvtFsiwAki21Mta9fTZ4TR7f6XBooACUPamFrrEtqgGNnK1L0+9Hnz3On\n4AADx4PJ3fH+InbT+be14OLa3AHWbf5LlhWXFhuM7HiOMSyoYOgNM1ZR7dddSgNm\nVPWPx/rOwiSJK8F02J+EZjBETwV6FTpEG/E7LHflJYgyAkKdbg6Qhle0Yn89izkH\nkCoKdlVal7qW85Ep7s8o+TrlWeyP8wru/DGt9+sjAAABAQD62Jea7Llv3SHMwnd1\nJ4P3R0Qa7cUyJEetJW/28JeXrrOUfEMQqlqzVM8ceKrxpd/sZF+FFmUcblS3t8fZ\nI8t1UURpFcvzTaU9yqDfbn1/MthM6k4wJGHkWC4G0UiJieq1+gVSu6jUehW4doxD\ner4ML0mE109vnb4mf1XUB9KB4Q6j+Wl4RSiYqmzgfTvNEupWBGtTwv8hB3hwB87I\ncpyI+gprvbG3hFIZdV5tReURT6CRt/OYVMrxVSQoqCoD0kmoSFCsAHZlrluGS3kk\njXI07BfXEysXGqEpLwu0RUOUJVYDFAfGhMOQgHSz3qjW1FOMulHcKmu/kWJz4U4q\nqGxfAAABAQDFur3111MgcEycaLAKGM0tXg1KisvAkZ8khEugd/13hARoRx1LXyZs\nRahRZ/RibLIGujocs1Tb38bESkzRLDQWsqqC9SY8ZviZEkIKw/j3cK+DGpkh2Ada\nnniutWXiAnfGm4txYPcuh9rdP8fQxDd/U147og3FO74o7371VrxL31yZ6NfkxCz6\nNzO+BQxEhBw3xyRbozuSF8uB42+ouW6GfpK78ge6mh2ZPLNjHSBK5vYe7edjeUHO\nYFM/XNy6/GbkC7st13psjCbnaLTaVDTLWXO/IbvAey6dTJLayiGDwDqLO3ps0Mhm\niBEMtNfj9nmZc5M5SlMlg2UDG19Klj2hAAAAAAEC\n-----END OPENSSH PRIVATE KEY-----\n",
            "private_key_pem": "-----BEGIN RSA PRIVATE KEY-----\nMIIJKQIBAAKCAgEAwb+oKyruhS9HjS8EVL+S7EfjDYx993DF3Re2SEJapAS1jwfE\n2NDADLfsh9OUGl+gc51Ov27u+bUgQbafYYhqom3el5uT8IZlNeiXM0Zp4brLs0wJ\noSqh3G9YMgGXP635BJzp0f27wUqgJI4FVXldasVOKtXtVZWUwS8fE1NBVFErli0i\newLZUWbkaU7kDxkzJLkDwLPG0MH5kahlbWyAghoW8dBkLgervAGTMwBsihtjAq4H\nPP9ou88owsg0t3AonIMRqcFv3wkAMSHv63n8yPF53BvKmwAvOxxpLy7lpPeEZCDu\nGAM1yFDGbmo+0jkADxTCMh6GOrWfNAm2dgTFbGq7/i8iM5SAvQeJoDYu3mMbS1De\nR/Zx3VGe/0G1A8cGje3eJJcZelQwOnj+BnNLAKsdxX2gTpiAOF1hYgej7Y070UO+\nkU7iABQZPJUTVyOYaHXm8UCfxhpOasX7njgy/kYUe0vdzM46+JteOKxGsu8nnBLl\nBtyK6Ht44ZH/rozFSCc9AvLzFr+MUD+WePDlhsNEgX0paRXJVtD45vWfIwqpqYZS\nIKgvBshofHRKNP8w5FzFjEx/qT2exS6TkoMW88n5DJukTsro7WSmi94zgKUWgjGl\nrjlTRI2oM4PZ+AgohdF2Nkz+XeNfU7qnUp00e6igBumhN0rEe708lutoyr8CAwEA\nAQKCAgASS5NJND4etHa4tbpeeFKa3jTqCByy+2KrvHv5ec6OU2WDkpO7d4bTDKEY\nuFlxXhtMH4walpKZYMmheum074lGOkK9JTNEkKRJAWQZsun3p0hp72GvZtOu+ZKl\n8jGCkV6E2X5Y1nFe0Lmrif+l8RZpqST29Yl6Pew0i8sO65stJ5cKkMuDOyMjRSiH\nayws4s/KBXB9x1wcRVzYLMMbIJZH8se84NU85XuJfsqUE9Or/OcODznewC13Ipoy\nPm5/7ebf1J6b3Yi/Ul3CxfYeUcAVh3ve1X79wPg0yDuEeZS0zayiOdvRx6fR+RKr\nxXuWJUzEn8ywp+I78/+LDem9Xjj4GAZL2dyBKavgniLEml2PV9kTFu/dZsxee/nA\ngHnEMLafqqtA4WTiPt1vdAK8RJ3zEovVa+Zo1XG1+XAi4Y+110acKHTtLyf9cVPc\nEb83aA2dkvxzvKWPdKTmfjlUlYocBtxlsBkFLlF92O7gLpz4fMrMSWYiOJQP516x\nk1ZnpYWDiMOJqSrQE3QwrnC2JrgGckYv6yKlpCp0Krzi71Lg7lbU2LDUNy483g+C\nJWUEwgqJwBmkCD8lTFx1/CxktU2vj8gfeK1gKEXsEtKTG63ic+ZJiycMpMWbm90x\nWaYxVt+zwjoK4qtm2z7dJ2KsvIkHMgkt+ZeTbOK5DrMlTAOxYQKCAQEA+tiXmuy5\nb90hzMJ3dSeD90dEGu3FMiRHrSVv9vCXl66zlHxDEKpas1TPHHiq8aXf7GRfhRZl\nHG5Ut7fH2SPLdVFEaRXL802lPcqg3259fzLYTOpOMCRh5FguBtFIiYnqtfoFUruo\n1HoVuHaMQ3q+DC9JhNdPb52+Jn9V1AfSgeEOo/lpeEUomKps4H07zRLqVgRrU8L/\nIQd4cAfOyHKciPoKa72xt4RSGXVebUXlEU+gkbfzmFTK8VUkKKgqA9JJqEhQrAB2\nZa5bhkt5JI1yNOwX1xMrFxqhKS8LtEVDlCVWAxQHxoTDkIB0s96o1tRTjLpR3Cpr\nv5Fic+FOKqhsXwKCAQEAxbq99ddTIHBMnGiwChjNLV4NSorLwJGfJIRLoHf9d4QE\naEcdS18mbEWoUWf0YmyyBro6HLNU29/GxEpM0Sw0FrKqgvUmPGb4mRJCCsP493Cv\ngxqZIdgHWp54rrVl4gJ3xpuLcWD3Lofa3T/H0MQ3f1NeO6INxTu+KO9+9Va8S99c\nmejX5MQs+jczvgUMRIQcN8ckW6M7khfLgeNvqLluhn6Su/IHupodmTyzYx0gSub2\nHu3nY3lBzmBTP1zcuvxm5Au7Ldd6bIwm52i02lQ0y1lzvyG7wHsunUyS2sohg8A6\nizt6bNDIZogRDLTX4/Z5mXOTOUpTJYNlAxtfSpY9oQKCAQEAm7dWrXKkTp/cOorB\nszU7g4Z27ayKTG0fHYnu7kE+KYfmrJdS3oaR1V8hTpBNtcJ9tfY9IZXcYIDREFcC\ntXW1+HbhW8aPG9Mob6pYoTqqpwp+IYkVzmbXafOfZtYGDHNUA3FYWppp3LSIxUC6\nI62PSmsUXWV3R1eJ0cYcFopgkAWQnBPY+DMeV178RYMYW16Rn6IQqieTTwKfLhR6\ntg4HxDRLwcQ5DS4T9P/aBUVtRIjEqZCio/6HGLb8wkxaAJNK7C8v/QYweUB6SmyR\noDI6IkYpKncYubfrMXCl+FtC7zUaJsEJbp+98vb6+ymOcAXQc7y50k13I61xi3Pi\nnTJ+SwKCAQAIFGdqwk+9RZl70rNO1lCcB/nXD/Dff5PXNCi69+w9lAFyGWXTDKJP\nTlFgcjUESJjFuZpiTdmr2msO3lJhQcMnIknhbA8R7Ms/xgU412U3Bz3Ex7N2NJOo\nWk1oJjVxlNQ8I2MBUQsItbh1zgNmPn5eD5QML8UMSDKvDYpMkCzFlOz9xQv9Zx7H\nYrYUj7Q+oH9esB6GOBdZEuvX9Ok9JcakbEumrm8uatnGxzo1VJ1bMjDgdqw73lqY\nCkucjTjf0yyJKQmPB/0Srm9wiVDKkyJNJOyb5M79QItZFiXyFsxjy9kYk2efRrDJ\nr8mykTk5MXsqkBR2BNl88O+Rvu6X56fBAoIBAQCXPgYtPB2zyQeaqz+95QsgSNj9\ntywtUtvVkWkwFH+9wVU8D3TBWMxV+dHOSC6z5Yzal4TZvW2ucmnREpwdLeCenwLt\nCfJlIPGUs8BN42LOnhutQrUo9pXAvtFsiwAki21Mta9fTZ4TR7f6XBooACUPamFr\nrEtqgGNnK1L0+9Hnz3On4AADx4PJ3fH+InbT+be14OLa3AHWbf5LlhWXFhuM7HiO\nMSyoYOgNM1ZR7dddSgNmVPWPx/rOwiSJK8F02J+EZjBETwV6FTpEG/E7LHflJYgy\nAkKdbg6Qhle0Yn89izkHkCoKdlVal7qW85Ep7s8o+TrlWeyP8wru/DGt9+sj\n-----END RSA PRIVATE KEY-----\n",
            "private_key_pem_pkcs8": "-----BEGIN PRIVATE KEY-----\nMIIJQwIBADANBgkqhkiG9w0BAQEFAASCCS0wggkpAgEAAoICAQDBv6grKu6FL0eN\nLwRUv5LsR+MNjH33cMXdF7ZIQlqkBLWPB8TY0MAMt+yH05QaX6BznU6/bu75tSBB\ntp9hiGqibd6Xm5PwhmU16JczRmnhusuzTAmhKqHcb1gyAZc/rfkEnOnR/bvBSqAk\njgVVeV1qxU4q1e1VlZTBLx8TU0FUUSuWLSJ7AtlRZuRpTuQPGTMkuQPAs8bQwfmR\nqGVtbICCGhbx0GQuB6u8AZMzAGyKG2MCrgc8/2i7zyjCyDS3cCicgxGpwW/fCQAx\nIe/refzI8XncG8qbAC87HGkvLuWk94RkIO4YAzXIUMZuaj7SOQAPFMIyHoY6tZ80\nCbZ2BMVsarv+LyIzlIC9B4mgNi7eYxtLUN5H9nHdUZ7/QbUDxwaN7d4klxl6VDA6\neP4Gc0sAqx3FfaBOmIA4XWFiB6PtjTvRQ76RTuIAFBk8lRNXI5hodebxQJ/GGk5q\nxfueODL+RhR7S93Mzjr4m144rEay7yecEuUG3Iroe3jhkf+ujMVIJz0C8vMWv4xQ\nP5Z48OWGw0SBfSlpFclW0Pjm9Z8jCqmphlIgqC8GyGh8dEo0/zDkXMWMTH+pPZ7F\nLpOSgxbzyfkMm6ROyujtZKaL3jOApRaCMaWuOVNEjagzg9n4CCiF0XY2TP5d419T\nuqdSnTR7qKAG6aE3SsR7vTyW62jKvwIDAQABAoICABJLk0k0Ph60dri1ul54Upre\nNOoIHLL7Yqu8e/l5zo5TZYOSk7t3htMMoRi4WXFeG0wfjBqWkplgyaF66bTviUY6\nQr0lM0SQpEkBZBmy6fenSGnvYa9m0675kqXyMYKRXoTZfljWcV7QuauJ/6XxFmmp\nJPb1iXo97DSLyw7rmy0nlwqQy4M7IyNFKIdrLCziz8oFcH3HXBxFXNgswxsglkfy\nx7zg1Tzle4l+ypQT06v85w4POd7ALXcimjI+bn/t5t/UnpvdiL9SXcLF9h5RwBWH\ne97Vfv3A+DTIO4R5lLTNrKI529HHp9H5EqvFe5YlTMSfzLCn4jvz/4sN6b1eOPgY\nBkvZ3IEpq+CeIsSaXY9X2RMW791mzF57+cCAecQwtp+qq0DhZOI+3W90ArxEnfMS\ni9Vr5mjVcbX5cCLhj7XXRpwodO0vJ/1xU9wRvzdoDZ2S/HO8pY90pOZ+OVSVihwG\n3GWwGQUuUX3Y7uAunPh8ysxJZiI4lA/nXrGTVmelhYOIw4mpKtATdDCucLYmuAZy\nRi/rIqWkKnQqvOLvUuDuVtTYsNQ3LjzeD4IlZQTCConAGaQIPyVMXHX8LGS1Ta+P\nyB94rWAoRewS0pMbreJz5kmLJwykxZub3TFZpjFW37PCOgriq2bbPt0nYqy8iQcy\nCS35l5Ns4rkOsyVMA7FhAoIBAQD62Jea7Llv3SHMwnd1J4P3R0Qa7cUyJEetJW/2\n8JeXrrOUfEMQqlqzVM8ceKrxpd/sZF+FFmUcblS3t8fZI8t1UURpFcvzTaU9yqDf\nbn1/MthM6k4wJGHkWC4G0UiJieq1+gVSu6jUehW4doxDer4ML0mE109vnb4mf1XU\nB9KB4Q6j+Wl4RSiYqmzgfTvNEupWBGtTwv8hB3hwB87IcpyI+gprvbG3hFIZdV5t\nReURT6CRt/OYVMrxVSQoqCoD0kmoSFCsAHZlrluGS3kkjXI07BfXEysXGqEpLwu0\nRUOUJVYDFAfGhMOQgHSz3qjW1FOMulHcKmu/kWJz4U4qqGxfAoIBAQDFur3111Mg\ncEycaLAKGM0tXg1KisvAkZ8khEugd/13hARoRx1LXyZsRahRZ/RibLIGujocs1Tb\n38bESkzRLDQWsqqC9SY8ZviZEkIKw/j3cK+DGpkh2AdanniutWXiAnfGm4txYPcu\nh9rdP8fQxDd/U147og3FO74o7371VrxL31yZ6NfkxCz6NzO+BQxEhBw3xyRbozuS\nF8uB42+ouW6GfpK78ge6mh2ZPLNjHSBK5vYe7edjeUHOYFM/XNy6/GbkC7st13ps\njCbnaLTaVDTLWXO/IbvAey6dTJLayiGDwDqLO3ps0MhmiBEMtNfj9nmZc5M5SlMl\ng2UDG19Klj2hAoIBAQCbt1atcqROn9w6isGzNTuDhnbtrIpMbR8die7uQT4ph+as\nl1LehpHVXyFOkE21wn219j0hldxggNEQVwK1dbX4duFbxo8b0yhvqlihOqqnCn4h\niRXOZtdp859m1gYMc1QDcVhammnctIjFQLojrY9KaxRdZXdHV4nRxhwWimCQBZCc\nE9j4Mx5XXvxFgxhbXpGfohCqJ5NPAp8uFHq2DgfENEvBxDkNLhP0/9oFRW1EiMSp\nkKKj/ocYtvzCTFoAk0rsLy/9BjB5QHpKbJGgMjoiRikqdxi5t+sxcKX4W0LvNRom\nwQlun73y9vr7KY5wBdBzvLnSTXcjrXGLc+KdMn5LAoIBAAgUZ2rCT71FmXvSs07W\nUJwH+dcP8N9/k9c0KLr37D2UAXIZZdMMok9OUWByNQRImMW5mmJN2avaaw7eUmFB\nwyciSeFsDxHsyz/GBTjXZTcHPcTHs3Y0k6haTWgmNXGU1DwjYwFRCwi1uHXOA2Y+\nfl4PlAwvxQxIMq8NikyQLMWU7P3FC/1nHsdithSPtD6gf16wHoY4F1kS69f06T0l\nxqRsS6auby5q2cbHOjVUnVsyMOB2rDveWpgKS5yNON/TLIkpCY8H/RKub3CJUMqT\nIk0k7Jvkzv1Ai1kWJfIWzGPL2RiTZ59GsMmvybKROTkxeyqQFHYE2Xzw75G+7pfn\np8ECggEBAJc+Bi08HbPJB5qrP73lCyBI2P23LC1S29WRaTAUf73BVTwPdMFYzFX5\n0c5ILrPljNqXhNm9ba5yadESnB0t4J6fAu0J8mUg8ZSzwE3jYs6eG61CtSj2lcC+\n0WyLACSLbUy1r19NnhNHt/pcGigAJQ9qYWusS2qAY2crUvT70efPc6fgAAPHg8nd\n8f4idtP5t7Xg4trcAdZt/kuWFZcWG4zseI4xLKhg6A0zVlHt111KA2ZU9Y/H+s7C\nJIkrwXTYn4RmMERPBXoVOkQb8Tssd+UliDICQp1uDpCGV7Rifz2LOQeQKgp2VVqX\nupbzkSnuzyj5OuVZ7I/zCu78Ma336yM=\n-----END PRIVATE KEY-----\n",
            "public_key_fingerprint_md5": "a9:ae:5f:f1:ee:3b:c1:cb:1f:fc:24:4c:1f:9b:d1:a8",
            "public_key_fingerprint_sha256": "SHA256:hWCGzkX3uxGYRTvUgxS435DLUvif/Spu6aQuo8Ci36k",
            "public_key_openssh": "ssh-rsa AAAAB3NzaC1yc2EAAAADAQABAAACAQDBv6grKu6FL0eNLwRUv5LsR+MNjH33cMXdF7ZIQlqkBLWPB8TY0MAMt+yH05QaX6BznU6/bu75tSBBtp9hiGqibd6Xm5PwhmU16JczRmnhusuzTAmhKqHcb1gyAZc/rfkEnOnR/bvBSqAkjgVVeV1qxU4q1e1VlZTBLx8TU0FUUSuWLSJ7AtlRZuRpTuQPGTMkuQPAs8bQwfmRqGVtbICCGhbx0GQuB6u8AZMzAGyKG2MCrgc8/2i7zyjCyDS3cCicgxGpwW/fCQAxIe/refzI8XncG8qbAC87HGkvLuWk94RkIO4YAzXIUMZuaj7SOQAPFMIyHoY6tZ80CbZ2BMVsarv+LyIzlIC9B4mgNi7eYxtLUN5H9nHdUZ7/QbUDxwaN7d4klxl6VDA6eP4Gc0sAqx3FfaBOmIA4XWFiB6PtjTvRQ76RTuIAFBk8lRNXI5hodebxQJ/GGk5qxfueODL+RhR7S93Mzjr4m144rEay7yecEuUG3Iroe3jhkf+ujMVIJz0C8vMWv4xQP5Z48OWGw0SBfSlpFclW0Pjm9Z8jCqmphlIgqC8GyGh8dEo0/zDkXMWMTH+pPZ7FLpOSgxbzyfkMm6ROyujtZKaL3jOApRaCMaWuOVNEjagzg9n4CCiF0XY2TP5d419TuqdSnTR7qKAG6aE3SsR7vTyW62jKvw==\n",
            "public_key_pem": "-----BEGIN PUBLIC KEY-----\nMIICIjANBgkqhkiG9w0BAQEFAAOCAg8AMIICCgKCAgEAwb+oKyruhS9HjS8EVL+S\n7EfjDYx993DF3Re2SEJapAS1jwfE2NDADLfsh9OUGl+gc51Ov27u+bUgQbafYYhq\nom3el5uT8IZlNeiXM0Zp4brLs0wJoSqh3G9YMgGXP635BJzp0f27wUqgJI4FVXld\nasVOKtXtVZWUwS8fE1NBVFErli0iewLZUWbkaU7kDxkzJLkDwLPG0MH5kahlbWyA\nghoW8dBkLgervAGTMwBsihtjAq4HPP9ou88owsg0t3AonIMRqcFv3wkAMSHv63n8\nyPF53BvKmwAvOxxpLy7lpPeEZCDuGAM1yFDGbmo+0jkADxTCMh6GOrWfNAm2dgTF\nbGq7/i8iM5SAvQeJoDYu3mMbS1DeR/Zx3VGe/0G1A8cGje3eJJcZelQwOnj+BnNL\nAKsdxX2gTpiAOF1hYgej7Y070UO+kU7iABQZPJUTVyOYaHXm8UCfxhpOasX7njgy\n/kYUe0vdzM46+JteOKxGsu8nnBLlBtyK6Ht44ZH/rozFSCc9AvLzFr+MUD+WePDl\nhsNEgX0paRXJVtD45vWfIwqpqYZSIKgvBshofHRKNP8w5FzFjEx/qT2exS6TkoMW\n88n5DJukTsro7WSmi94zgKUWgjGlrjlTRI2oM4PZ+AgohdF2Nkz+XeNfU7qnUp00\ne6igBumhN0rEe708lutoyr8CAwEAAQ==\n-----END PUBLIC KEY-----\n",
            "rsa_bits": 4096
          },
          "sensitive_attributes": [
            [
              {
                "type": "get_attr",
                "value": "private_key_openssh"
              }
            ],
            [
              {
                "type": "get_attr",
                "value": "private_key_pem"
              }
            ],
            [
              {
                "type": "get_attr",
                "value": "private_key_pem_pkcs8"
              }
            ]
          ],
          "identity_schema_version": 0
        }
      ]
    },
    {
      "module": "module.vpc",
      "mode": "managed",
      "type": "aws_default_network_acl",
      "name": "this",
      "provider": "provider[\"registry.terraform.io/hashicorp/aws\"]",
      "instances": [
        {
          "index_key": 0,
          "schema_version": 0,
          "attributes": {
            "arn": "arn:aws:ec2:ca-central-1:645860290752:network-acl/acl-0e91b9b7304ea9ddc",
            "default_network_acl_id": "acl-0e91b9b7304ea9ddc",
            "egress": [
              {
                "action": "allow",
                "cidr_block": "",
                "from_port": 0,
                "icmp_code": 0,
                "icmp_type": 0,
                "ipv6_cidr_block": "::/0",
                "protocol": "-1",
                "rule_no": 101,
                "to_port": 0
              },
              {
                "action": "allow",
                "cidr_block": "0.0.0.0/0",
                "from_port": 0,
                "icmp_code": 0,
                "icmp_type": 0,
                "ipv6_cidr_block": "",
                "protocol": "-1",
                "rule_no": 100,
                "to_port": 0
              }
            ],
            "id": "acl-0e91b9b7304ea9ddc",
            "ingress": [
              {
                "action": "allow",
                "cidr_block": "",
                "from_port": 0,
                "icmp_code": 0,
                "icmp_type": 0,
                "ipv6_cidr_block": "::/0",
                "protocol": "-1",
                "rule_no": 101,
                "to_port": 0
              },
              {
                "action": "allow",
                "cidr_block": "0.0.0.0/0",
                "from_port": 0,
                "icmp_code": 0,
                "icmp_type": 0,
                "ipv6_cidr_block": "",
                "protocol": "-1",
                "rule_no": 100,
                "to_port": 0
              }
            ],
            "owner_id": "645860290752",
            "subnet_ids": [
              "subnet-02709f4227863bb07",
              "subnet-09489980017ae3f38",
              "subnet-0989cf2bbe9fbe32e",
              "subnet-0ed012ba74c7c2a04"
            ],
            "tags": {
              "Environment": "local",
              "ManagedBy": "Terraform",
              "Name": "projet-c-vpc-default",
              "Project": "projet-c"
            },
            "tags_all": {
              "Environment": "local",
              "ManagedBy": "Terraform",
              "Name": "projet-c-vpc-default",
              "Project": "projet-c"
            },
            "vpc_id": "vpc-019c80408b8814dfe"
          },
          "sensitive_attributes": [],
          "identity_schema_version": 0,
          "private": "bnVsbA==",
          "dependencies": [
            "module.vpc.aws_vpc.this"
          ]
        }
      ]
    },
    {
      "module": "module.vpc",
      "mode": "managed",
      "type": "aws_default_route_table",
      "name": "default",
      "provider": "provider[\"registry.terraform.io/hashicorp/aws\"]",
      "instances": [
        {
          "index_key": 0,
          "schema_version": 0,
          "attributes": {
            "arn": "arn:aws:ec2:ca-central-1:645860290752:route-table/rtb-039290ba606676e08",
            "default_route_table_id": "rtb-039290ba606676e08",
            "id": "rtb-039290ba606676e08",
            "owner_id": "645860290752",
            "propagating_vgws": [],
            "route": [],
            "tags": {
              "Environment": "local",
              "ManagedBy": "Terraform",
              "Name": "projet-c-vpc-default",
              "Project": "projet-c"
            },
            "tags_all": {
              "Environment": "local",
              "ManagedBy": "Terraform",
              "Name": "projet-c-vpc-default",
              "Project": "projet-c"
            },
            "timeouts": {
              "create": "5m",
              "update": "5m"
            },
            "vpc_id": "vpc-019c80408b8814dfe"
          },
          "sensitive_attributes": [],
          "identity_schema_version": 0,
          "private": "eyJlMmJmYjczMC1lY2FhLTExZTYtOGY4OC0zNDM2M2JjN2M0YzAiOnsiY3JlYXRlIjozMDAwMDAwMDAwMDAsInVwZGF0ZSI6MzAwMDAwMDAwMDAwfX0=",
          "dependencies": [
            "module.vpc.aws_vpc.this"
          ]
        }
      ]
    },
    {
      "module": "module.vpc",
      "mode": "managed",
      "type": "aws_default_security_group",
      "name": "this",
      "provider": "provider[\"registry.terraform.io/hashicorp/aws\"]",
      "instances": [
        {
          "index_key": 0,
          "schema_version": 1,
          "attributes": {
            "arn": "arn:aws:ec2:ca-central-1:645860290752:security-group/sg-0fb93e1023f34d556",
            "description": "default VPC security group",
            "egress": [],
            "id": "sg-0fb93e1023f34d556",
            "ingress": [],
            "name": "default",
            "name_prefix": "",
            "owner_id": "645860290752",
            "revoke_rules_on_delete": false,
            "tags": {
              "Environment": "local",
              "ManagedBy": "Terraform",
              "Name": "projet-c-vpc-default",
              "Project": "projet-c"
            },
            "tags_all": {
              "Environment": "local",
              "ManagedBy": "Terraform",
              "Name": "projet-c-vpc-default",
              "Project": "projet-c"
            },
            "vpc_id": "vpc-019c80408b8814dfe"
          },
          "sensitive_attributes": [],
          "identity_schema_version": 0,
          "private": "eyJzY2hlbWFfdmVyc2lvbiI6IjEifQ==",
          "dependencies": [
            "module.vpc.aws_vpc.this"
          ]
        }
      ]
    },
    {
      "module": "module.vpc",
      "mode": "managed",
      "type": "aws_eip",
      "name": "nat",
      "provider": "provider[\"registry.terraform.io/hashicorp/aws\"]",
      "instances": [
        {
          "index_key": 0,
          "schema_version": 0,
          "attributes": {
            "address": null,
            "allocation_id": "eipalloc-067fada777cc6e3f3",
            "arn": "arn:aws:ec2:ca-central-1:645860290752:elastic-ip/eipalloc-067fada777cc6e3f3",
            "associate_with_private_ip": null,
            "association_id": "eipassoc-03647e5b6b1f8e97a",
            "carrier_ip": "",
            "customer_owned_ip": "",
            "customer_owned_ipv4_pool": "",
            "domain": "vpc",
            "id": "eipalloc-067fada777cc6e3f3",
            "instance": "",
            "ipam_pool_id": null,
            "network_border_group": "ca-central-1",
            "network_interface": "eni-0cef649398ab8ce6f",
            "private_dns": "ip-10-0-101-235.ca-central-1.compute.internal",
            "private_ip": "10.0.101.235",
            "ptr_record": "",
            "public_dns": "ec2-52-60-214-190.ca-central-1.compute.amazonaws.com",
            "public_ip": "52.60.214.190",
            "public_ipv4_pool": "amazon",
            "tags": {
              "Environment": "local",
              "ManagedBy": "Terraform",
              "Name": "projet-c-vpc-ca-central-1a",
              "Project": "projet-c"
            },
            "tags_all": {
              "Environment": "local",
              "ManagedBy": "Terraform",
              "Name": "projet-c-vpc-ca-central-1a",
              "Project": "projet-c"
            },
            "timeouts": null,
            "vpc": true
          },
          "sensitive_attributes": [],
          "identity_schema_version": 0,
          "private": "eyJlMmJmYjczMC1lY2FhLTExZTYtOGY4OC0zNDM2M2JjN2M0YzAiOnsiZGVsZXRlIjoxODAwMDAwMDAwMDAsInJlYWQiOjkwMDAwMDAwMDAwMCwidXBkYXRlIjozMDAwMDAwMDAwMDB9fQ==",
          "dependencies": [
            "module.vpc.aws_internet_gateway.this",
            "module.vpc.aws_vpc.this",
            "module.vpc.aws_vpc_ipv4_cidr_block_association.this"
          ]
        }
      ]
    },
    {
      "module": "module.vpc",
      "mode": "managed",
      "type": "aws_internet_gateway",
      "name": "this",
      "provider": "provider[\"registry.terraform.io/hashicorp/aws\"]",
      "instances": [
        {
          "index_key": 0,
          "schema_version": 0,
          "attributes": {
            "arn": "arn:aws:ec2:ca-central-1:645860290752:internet-gateway/igw-0e23ffa044022107e",
            "id": "igw-0e23ffa044022107e",
            "owner_id": "645860290752",
            "tags": {
              "Environment": "local",
              "ManagedBy": "Terraform",
              "Name": "projet-c-vpc",
              "Project": "projet-c"
            },
            "tags_all": {
              "Environment": "local",
              "ManagedBy": "Terraform",
              "Name": "projet-c-vpc",
              "Project": "projet-c"
            },
            "timeouts": null,
            "vpc_id": "vpc-019c80408b8814dfe"
          },
          "sensitive_attributes": [],
          "identity_schema_version": 0,
          "private": "eyJlMmJmYjczMC1lY2FhLTExZTYtOGY4OC0zNDM2M2JjN2M0YzAiOnsiY3JlYXRlIjoxMjAwMDAwMDAwMDAwLCJkZWxldGUiOjEyMDAwMDAwMDAwMDAsInVwZGF0ZSI6MTIwMDAwMDAwMDAwMH19",
          "dependencies": [
            "module.vpc.aws_vpc.this",
            "module.vpc.aws_vpc_ipv4_cidr_block_association.this"
          ]
        }
      ]
    },
    {
      "module": "module.vpc",
      "mode": "managed",
      "type": "aws_nat_gateway",
      "name": "this",
      "provider": "provider[\"registry.terraform.io/hashicorp/aws\"]",
      "instances": [
        {
          "index_key": 0,
          "schema_version": 0,
          "attributes": {
            "allocation_id": "eipalloc-067fada777cc6e3f3",
            "association_id": "eipassoc-03647e5b6b1f8e97a",
            "connectivity_type": "public",
            "id": "nat-0029150e8a37fdfed",
            "network_interface_id": "eni-0cef649398ab8ce6f",
            "private_ip": "10.0.101.235",
            "public_ip": "52.60.214.190",
            "secondary_allocation_ids": [],
            "secondary_private_ip_address_count": 0,
            "secondary_private_ip_addresses": [],
            "subnet_id": "subnet-02709f4227863bb07",
            "tags": {
              "Environment": "local",
              "ManagedBy": "Terraform",
              "Name": "projet-c-vpc-ca-central-1a",
              "Project": "projet-c"
            },
            "tags_all": {
              "Environment": "local",
              "ManagedBy": "Terraform",
              "Name": "projet-c-vpc-ca-central-1a",
              "Project": "projet-c"
            },
            "timeouts": null
          },
          "sensitive_attributes": [],
          "identity_schema_version": 0,
          "private": "eyJlMmJmYjczMC1lY2FhLTExZTYtOGY4OC0zNDM2M2JjN2M0YzAiOnsiY3JlYXRlIjo2MDAwMDAwMDAwMDAsImRlbGV0ZSI6MTgwMDAwMDAwMDAwMCwidXBkYXRlIjo2MDAwMDAwMDAwMDB9fQ==",
          "dependencies": [
            "module.vpc.aws_eip.nat",
            "module.vpc.aws_internet_gateway.this",
            "module.vpc.aws_subnet.public",
            "module.vpc.aws_vpc.this",
            "module.vpc.aws_vpc_ipv4_cidr_block_association.this"
          ]
        }
      ]
    },
    {
      "module": "module.vpc",
      "mode": "managed",
      "type": "aws_route",
      "name": "private_nat_gateway",
      "provider": "provider[\"registry.terraform.io/hashicorp/aws\"]",
      "instances": [
        {
          "index_key": 0,
          "schema_version": 0,
          "attributes": {
            "carrier_gateway_id": "",
            "core_network_arn": "",
            "destination_cidr_block": "0.0.0.0/0",
            "destination_ipv6_cidr_block": "",
            "destination_prefix_list_id": "",
            "egress_only_gateway_id": "",
            "gateway_id": "",
            "id": "r-rtb-0e890906d9b3467141080289494",
            "instance_id": "",
            "instance_owner_id": "",
            "local_gateway_id": "",
            "nat_gateway_id": "nat-0029150e8a37fdfed",
            "network_interface_id": "",
            "origin": "CreateRoute",
            "route_table_id": "rtb-0e890906d9b346714",
            "state": "active",
            "timeouts": {
              "create": "5m",
              "delete": null,
              "update": null
            },
            "transit_gateway_id": "",
            "vpc_endpoint_id": "",
            "vpc_peering_connection_id": ""
          },
          "sensitive_attributes": [],
          "identity_schema_version": 0,
          "private": "eyJlMmJmYjczMC1lY2FhLTExZTYtOGY4OC0zNDM2M2JjN2M0YzAiOnsiY3JlYXRlIjozMDAwMDAwMDAwMDAsImRlbGV0ZSI6MzAwMDAwMDAwMDAwLCJ1cGRhdGUiOjEyMDAwMDAwMDAwMH19",
          "dependencies": [
            "module.vpc.aws_eip.nat",
            "module.vpc.aws_internet_gateway.this",
            "module.vpc.aws_nat_gateway.this",
            "module.vpc.aws_route_table.private",
            "module.vpc.aws_subnet.public",
            "module.vpc.aws_vpc.this",
            "module.vpc.aws_vpc_ipv4_cidr_block_association.this"
          ]
        }
      ]
    },
    {
      "module": "module.vpc",
      "mode": "managed",
      "type": "aws_route",
      "name": "public_internet_gateway",
      "provider": "provider[\"registry.terraform.io/hashicorp/aws\"]",
      "instances": [
        {
          "index_key": 0,
          "schema_version": 0,
          "attributes": {
            "carrier_gateway_id": "",
            "core_network_arn": "",
            "destination_cidr_block": "0.0.0.0/0",
            "destination_ipv6_cidr_block": "",
            "destination_prefix_list_id": "",
            "egress_only_gateway_id": "",
            "gateway_id": "igw-0e23ffa044022107e",
            "id": "r-rtb-064d26a4fa0cbbbd51080289494",
            "instance_id": "",
            "instance_owner_id": "",
            "local_gateway_id": "",
            "nat_gateway_id": "",
            "network_interface_id": "",
            "origin": "CreateRoute",
            "route_table_id": "rtb-064d26a4fa0cbbbd5",
            "state": "active",
            "timeouts": {
              "create": "5m",
              "delete": null,
              "update": null
            },
            "transit_gateway_id": "",
            "vpc_endpoint_id": "",
            "vpc_peering_connection_id": ""
          },
          "sensitive_attributes": [],
          "identity_schema_version": 0,
          "private": "eyJlMmJmYjczMC1lY2FhLTExZTYtOGY4OC0zNDM2M2JjN2M0YzAiOnsiY3JlYXRlIjozMDAwMDAwMDAwMDAsImRlbGV0ZSI6MzAwMDAwMDAwMDAwLCJ1cGRhdGUiOjEyMDAwMDAwMDAwMH19",
          "dependencies": [
            "module.vpc.aws_internet_gateway.this",
            "module.vpc.aws_route_table.public",
            "module.vpc.aws_vpc.this",
            "module.vpc.aws_vpc_ipv4_cidr_block_association.this"
          ]
        }
      ]
    },
    {
      "module": "module.vpc",
      "mode": "managed",
      "type": "aws_route_table",
      "name": "private",
      "provider": "provider[\"registry.terraform.io/hashicorp/aws\"]",
      "instances": [
        {
          "index_key": 0,
          "schema_version": 0,
          "attributes": {
            "arn": "arn:aws:ec2:ca-central-1:645860290752:route-table/rtb-0e890906d9b346714",
            "id": "rtb-0e890906d9b346714",
            "owner_id": "645860290752",
            "propagating_vgws": [],
            "route": [
              {
                "carrier_gateway_id": "",
                "cidr_block": "0.0.0.0/0",
                "core_network_arn": "",
                "destination_prefix_list_id": "",
                "egress_only_gateway_id": "",
                "gateway_id": "",
                "ipv6_cidr_block": "",
                "local_gateway_id": "",
                "nat_gateway_id": "nat-0029150e8a37fdfed",
                "network_interface_id": "",
                "transit_gateway_id": "",
                "vpc_endpoint_id": "",
                "vpc_peering_connection_id": ""
              }
            ],
            "tags": {
              "Environment": "local",
              "ManagedBy": "Terraform",
              "Name": "projet-c-vpc-private",
              "Project": "projet-c"
            },
            "tags_all": {
              "Environment": "local",
              "ManagedBy": "Terraform",
              "Name": "projet-c-vpc-private",
              "Project": "projet-c"
            },
            "timeouts": null,
            "vpc_id": "vpc-019c80408b8814dfe"
          },
          "sensitive_attributes": [],
          "identity_schema_version": 0,
          "private": "eyJlMmJmYjczMC1lY2FhLTExZTYtOGY4OC0zNDM2M2JjN2M0YzAiOnsiY3JlYXRlIjozMDAwMDAwMDAwMDAsImRlbGV0ZSI6MzAwMDAwMDAwMDAwLCJ1cGRhdGUiOjEyMDAwMDAwMDAwMH19",
          "dependencies": [
            "module.vpc.aws_vpc.this",
            "module.vpc.aws_vpc_ipv4_cidr_block_association.this"
          ]
        }
      ]
    },
    {
      "module": "module.vpc",
      "mode": "managed",
      "type": "aws_route_table",
      "name": "public",
      "provider": "provider[\"registry.terraform.io/hashicorp/aws\"]",
      "instances": [
        {
          "index_key": 0,
          "schema_version": 0,
          "attributes": {
            "arn": "arn:aws:ec2:ca-central-1:645860290752:route-table/rtb-064d26a4fa0cbbbd5",
            "id": "rtb-064d26a4fa0cbbbd5",
            "owner_id": "645860290752",
            "propagating_vgws": [],
            "route": [
              {
                "carrier_gateway_id": "",
                "cidr_block": "0.0.0.0/0",
                "core_network_arn": "",
                "destination_prefix_list_id": "",
                "egress_only_gateway_id": "",
                "gateway_id": "igw-0e23ffa044022107e",
                "ipv6_cidr_block": "",
                "local_gateway_id": "",
                "nat_gateway_id": "",
                "network_interface_id": "",
                "transit_gateway_id": "",
                "vpc_endpoint_id": "",
                "vpc_peering_connection_id": ""
              }
            ],
            "tags": {
              "Environment": "local",
              "ManagedBy": "Terraform",
              "Name": "projet-c-vpc-public",
              "Project": "projet-c"
            },
            "tags_all": {
              "Environment": "local",
              "ManagedBy": "Terraform",
              "Name": "projet-c-vpc-public",
              "Project": "projet-c"
            },
            "timeouts": null,
            "vpc_id": "vpc-019c80408b8814dfe"
          },
          "sensitive_attributes": [],
          "identity_schema_version": 0,
          "private": "eyJlMmJmYjczMC1lY2FhLTExZTYtOGY4OC0zNDM2M2JjN2M0YzAiOnsiY3JlYXRlIjozMDAwMDAwMDAwMDAsImRlbGV0ZSI6MzAwMDAwMDAwMDAwLCJ1cGRhdGUiOjEyMDAwMDAwMDAwMH19",
          "dependencies": [
            "module.vpc.aws_vpc.this",
            "module.vpc.aws_vpc_ipv4_cidr_block_association.this"
          ]
        }
      ]
    },
    {
      "module": "module.vpc",
      "mode": "managed",
      "type": "aws_route_table_association",
      "name": "private",
      "provider": "provider[\"registry.terraform.io/hashicorp/aws\"]",
      "instances": [
        {
          "index_key": 0,
          "schema_version": 0,
          "attributes": {
            "gateway_id": "",
            "id": "rtbassoc-0d6a6c72c6dd33afe",
            "route_table_id": "rtb-0e890906d9b346714",
            "subnet_id": "subnet-0ed012ba74c7c2a04",
            "timeouts": null
          },
          "sensitive_attributes": [],
          "identity_schema_version": 0,
          "private": "eyJlMmJmYjczMC1lY2FhLTExZTYtOGY4OC0zNDM2M2JjN2M0YzAiOnsiY3JlYXRlIjozMDAwMDAwMDAwMDAsImRlbGV0ZSI6MzAwMDAwMDAwMDAwLCJ1cGRhdGUiOjEyMDAwMDAwMDAwMH19",
          "dependencies": [
            "module.vpc.aws_route_table.private",
            "module.vpc.aws_subnet.private",
            "module.vpc.aws_vpc.this",
            "module.vpc.aws_vpc_ipv4_cidr_block_association.this"
          ]
        },
        {
          "index_key": 1,
          "schema_version": 0,
          "attributes": {
            "gateway_id": "",
            "id": "rtbassoc-035341da80aba6f04",
            "route_table_id": "rtb-0e890906d9b346714",
            "subnet_id": "subnet-09489980017ae3f38",
            "timeouts": null
          },
          "sensitive_attributes": [],
          "identity_schema_version": 0,
          "private": "eyJlMmJmYjczMC1lY2FhLTExZTYtOGY4OC0zNDM2M2JjN2M0YzAiOnsiY3JlYXRlIjozMDAwMDAwMDAwMDAsImRlbGV0ZSI6MzAwMDAwMDAwMDAwLCJ1cGRhdGUiOjEyMDAwMDAwMDAwMH19",
          "dependencies": [
            "module.vpc.aws_route_table.private",
            "module.vpc.aws_subnet.private",
            "module.vpc.aws_vpc.this",
            "module.vpc.aws_vpc_ipv4_cidr_block_association.this"
          ]
        }
      ]
    },
    {
      "module": "module.vpc",
      "mode": "managed",
      "type": "aws_route_table_association",
      "name": "public",
      "provider": "provider[\"registry.terraform.io/hashicorp/aws\"]",
      "instances": [
        {
          "index_key": 0,
          "schema_version": 0,
          "attributes": {
            "gateway_id": "",
            "id": "rtbassoc-0528b9de2d1f7a393",
            "route_table_id": "rtb-064d26a4fa0cbbbd5",
            "subnet_id": "subnet-02709f4227863bb07",
            "timeouts": null
          },
          "sensitive_attributes": [],
          "identity_schema_version": 0,
          "private": "eyJlMmJmYjczMC1lY2FhLTExZTYtOGY4OC0zNDM2M2JjN2M0YzAiOnsiY3JlYXRlIjozMDAwMDAwMDAwMDAsImRlbGV0ZSI6MzAwMDAwMDAwMDAwLCJ1cGRhdGUiOjEyMDAwMDAwMDAwMH19",
          "dependencies": [
            "module.vpc.aws_route_table.public",
            "module.vpc.aws_subnet.public",
            "module.vpc.aws_vpc.this",
            "module.vpc.aws_vpc_ipv4_cidr_block_association.this"
          ]
        },
        {
          "index_key": 1,
          "schema_version": 0,
          "attributes": {
            "gateway_id": "",
            "id": "rtbassoc-0d877068f8d28369b",
            "route_table_id": "rtb-064d26a4fa0cbbbd5",
            "subnet_id": "subnet-0989cf2bbe9fbe32e",
            "timeouts": null
          },
          "sensitive_attributes": [],
          "identity_schema_version": 0,
          "private": "eyJlMmJmYjczMC1lY2FhLTExZTYtOGY4OC0zNDM2M2JjN2M0YzAiOnsiY3JlYXRlIjozMDAwMDAwMDAwMDAsImRlbGV0ZSI6MzAwMDAwMDAwMDAwLCJ1cGRhdGUiOjEyMDAwMDAwMDAwMH19",
          "dependencies": [
            "module.vpc.aws_route_table.public",
            "module.vpc.aws_subnet.public",
            "module.vpc.aws_vpc.this",
            "module.vpc.aws_vpc_ipv4_cidr_block_association.this"
          ]
        }
      ]
    },
    {
      "module": "module.vpc",
      "mode": "managed",
      "type": "aws_subnet",
      "name": "private",
      "provider": "provider[\"registry.terraform.io/hashicorp/aws\"]",
      "instances": [
        {
          "index_key": 0,
          "schema_version": 1,
          "attributes": {
            "arn": "arn:aws:ec2:ca-central-1:645860290752:subnet/subnet-0ed012ba74c7c2a04",
            "assign_ipv6_address_on_creation": false,
            "availability_zone": "ca-central-1a",
            "availability_zone_id": "cac1-az1",
            "cidr_block": "10.0.1.0/24",
            "customer_owned_ipv4_pool": "",
            "enable_dns64": false,
            "enable_lni_at_device_index": 0,
            "enable_resource_name_dns_a_record_on_launch": false,
            "enable_resource_name_dns_aaaa_record_on_launch": false,
            "id": "subnet-0ed012ba74c7c2a04",
            "ipv6_cidr_block": "",
            "ipv6_cidr_block_association_id": "",
            "ipv6_native": false,
            "map_customer_owned_ip_on_launch": false,
            "map_public_ip_on_launch": false,
            "outpost_arn": "",
            "owner_id": "645860290752",
            "private_dns_hostname_type_on_launch": "ip-name",
            "tags": {
              "Environment": "local",
              "ManagedBy": "Terraform",
              "Name": "projet-c-vpc-private-ca-central-1a",
              "Project": "projet-c"
            },
            "tags_all": {
              "Environment": "local",
              "ManagedBy": "Terraform",
              "Name": "projet-c-vpc-private-ca-central-1a",
              "Project": "projet-c"
            },
            "timeouts": null,
            "vpc_id": "vpc-019c80408b8814dfe"
          },
          "sensitive_attributes": [],
          "identity_schema_version": 0,
          "private": "eyJlMmJmYjczMC1lY2FhLTExZTYtOGY4OC0zNDM2M2JjN2M0YzAiOnsiY3JlYXRlIjo2MDAwMDAwMDAwMDAsImRlbGV0ZSI6MTIwMDAwMDAwMDAwMH0sInNjaGVtYV92ZXJzaW9uIjoiMSJ9",
          "dependencies": [
            "module.vpc.aws_vpc.this",
            "module.vpc.aws_vpc_ipv4_cidr_block_association.this"
          ]
        },
        {
          "index_key": 1,
          "schema_version": 1,
          "attributes": {
            "arn": "arn:aws:ec2:ca-central-1:645860290752:subnet/subnet-09489980017ae3f38",
            "assign_ipv6_address_on_creation": false,
            "availability_zone": "ca-central-1b",
            "availability_zone_id": "cac1-az2",
            "cidr_block": "10.0.2.0/24",
            "customer_owned_ipv4_pool": "",
            "enable_dns64": false,
            "enable_lni_at_device_index": 0,
            "enable_resource_name_dns_a_record_on_launch": false,
            "enable_resource_name_dns_aaaa_record_on_launch": false,
            "id": "subnet-09489980017ae3f38",
            "ipv6_cidr_block": "",
            "ipv6_cidr_block_association_id": "",
            "ipv6_native": false,
            "map_customer_owned_ip_on_launch": false,
            "map_public_ip_on_launch": false,
            "outpost_arn": "",
            "owner_id": "645860290752",
            "private_dns_hostname_type_on_launch": "ip-name",
            "tags": {
              "Environment": "local",
              "ManagedBy": "Terraform",
              "Name": "projet-c-vpc-private-ca-central-1b",
              "Project": "projet-c"
            },
            "tags_all": {
              "Environment": "local",
              "ManagedBy": "Terraform",
              "Name": "projet-c-vpc-private-ca-central-1b",
              "Project": "projet-c"
            },
            "timeouts": null,
            "vpc_id": "vpc-019c80408b8814dfe"
          },
          "sensitive_attributes": [],
          "identity_schema_version": 0,
          "private": "eyJlMmJmYjczMC1lY2FhLTExZTYtOGY4OC0zNDM2M2JjN2M0YzAiOnsiY3JlYXRlIjo2MDAwMDAwMDAwMDAsImRlbGV0ZSI6MTIwMDAwMDAwMDAwMH0sInNjaGVtYV92ZXJzaW9uIjoiMSJ9",
          "dependencies": [
            "module.vpc.aws_vpc.this",
            "module.vpc.aws_vpc_ipv4_cidr_block_association.this"
          ]
        }
      ]
    },
    {
      "module": "module.vpc",
      "mode": "managed",
      "type": "aws_subnet",
      "name": "public",
      "provider": "provider[\"registry.terraform.io/hashicorp/aws\"]",
      "instances": [
        {
          "index_key": 0,
          "schema_version": 1,
          "attributes": {
            "arn": "arn:aws:ec2:ca-central-1:645860290752:subnet/subnet-02709f4227863bb07",
            "assign_ipv6_address_on_creation": false,
            "availability_zone": "ca-central-1a",
            "availability_zone_id": "cac1-az1",
            "cidr_block": "10.0.101.0/24",
            "customer_owned_ipv4_pool": "",
            "enable_dns64": false,
            "enable_lni_at_device_index": 0,
            "enable_resource_name_dns_a_record_on_launch": false,
            "enable_resource_name_dns_aaaa_record_on_launch": false,
            "id": "subnet-02709f4227863bb07",
            "ipv6_cidr_block": "",
            "ipv6_cidr_block_association_id": "",
            "ipv6_native": false,
            "map_customer_owned_ip_on_launch": false,
            "map_public_ip_on_launch": false,
            "outpost_arn": "",
            "owner_id": "645860290752",
            "private_dns_hostname_type_on_launch": "ip-name",
            "tags": {
              "Environment": "local",
              "ManagedBy": "Terraform",
              "Name": "projet-c-vpc-public-ca-central-1a",
              "Project": "projet-c"
            },
            "tags_all": {
              "Environment": "local",
              "ManagedBy": "Terraform",
              "Name": "projet-c-vpc-public-ca-central-1a",
              "Project": "projet-c"
            },
            "timeouts": null,
            "vpc_id": "vpc-019c80408b8814dfe"
          },
          "sensitive_attributes": [],
          "identity_schema_version": 0,
          "private": "eyJlMmJmYjczMC1lY2FhLTExZTYtOGY4OC0zNDM2M2JjN2M0YzAiOnsiY3JlYXRlIjo2MDAwMDAwMDAwMDAsImRlbGV0ZSI6MTIwMDAwMDAwMDAwMH0sInNjaGVtYV92ZXJzaW9uIjoiMSJ9",
          "dependencies": [
            "module.vpc.aws_vpc.this",
            "module.vpc.aws_vpc_ipv4_cidr_block_association.this"
          ]
        },
        {
          "index_key": 1,
          "schema_version": 1,
          "attributes": {
            "arn": "arn:aws:ec2:ca-central-1:645860290752:subnet/subnet-0989cf2bbe9fbe32e",
            "assign_ipv6_address_on_creation": false,
            "availability_zone": "ca-central-1b",
            "availability_zone_id": "cac1-az2",
            "cidr_block": "10.0.102.0/24",
            "customer_owned_ipv4_pool": "",
            "enable_dns64": false,
            "enable_lni_at_device_index": 0,
            "enable_resource_name_dns_a_record_on_launch": false,
            "enable_resource_name_dns_aaaa_record_on_launch": false,
            "id": "subnet-0989cf2bbe9fbe32e",
            "ipv6_cidr_block": "",
            "ipv6_cidr_block_association_id": "",
            "ipv6_native": false,
            "map_customer_owned_ip_on_launch": false,
            "map_public_ip_on_launch": false,
            "outpost_arn": "",
            "owner_id": "645860290752",
            "private_dns_hostname_type_on_launch": "ip-name",
            "tags": {
              "Environment": "local",
              "ManagedBy": "Terraform",
              "Name": "projet-c-vpc-public-ca-central-1b",
              "Project": "projet-c"
            },
            "tags_all": {
              "Environment": "local",
              "ManagedBy": "Terraform",
              "Name": "projet-c-vpc-public-ca-central-1b",
              "Project": "projet-c"
            },
            "timeouts": null,
            "vpc_id": "vpc-019c80408b8814dfe"
          },
          "sensitive_attributes": [],
          "identity_schema_version": 0,
          "private": "eyJlMmJmYjczMC1lY2FhLTExZTYtOGY4OC0zNDM2M2JjN2M0YzAiOnsiY3JlYXRlIjo2MDAwMDAwMDAwMDAsImRlbGV0ZSI6MTIwMDAwMDAwMDAwMH0sInNjaGVtYV92ZXJzaW9uIjoiMSJ9",
          "dependencies": [
            "module.vpc.aws_vpc.this",
            "module.vpc.aws_vpc_ipv4_cidr_block_association.this"
          ]
        }
      ]
    },
    {
      "module": "module.vpc",
      "mode": "managed",
      "type": "aws_vpc",
      "name": "this",
      "provider": "provider[\"registry.terraform.io/hashicorp/aws\"]",
      "instances": [
        {
          "index_key": 0,
          "schema_version": 1,
          "attributes": {
            "arn": "arn:aws:ec2:ca-central-1:645860290752:vpc/vpc-019c80408b8814dfe",
            "assign_generated_ipv6_cidr_block": false,
            "cidr_block": "10.0.0.0/16",
            "default_network_acl_id": "acl-0e91b9b7304ea9ddc",
            "default_route_table_id": "rtb-039290ba606676e08",
            "default_security_group_id": "sg-0fb93e1023f34d556",
            "dhcp_options_id": "dopt-0ea34e9e223031242",
            "enable_dns_hostnames": true,
            "enable_dns_support": true,
            "enable_network_address_usage_metrics": false,
            "id": "vpc-019c80408b8814dfe",
            "instance_tenancy": "default",
            "ipv4_ipam_pool_id": null,
            "ipv4_netmask_length": null,
            "ipv6_association_id": "",
            "ipv6_cidr_block": "",
            "ipv6_cidr_block_network_border_group": "",
            "ipv6_ipam_pool_id": "",
            "ipv6_netmask_length": 0,
            "main_route_table_id": "rtb-039290ba606676e08",
            "owner_id": "645860290752",
            "tags": {
              "Environment": "local",
              "ManagedBy": "Terraform",
              "Name": "projet-c-vpc",
              "Project": "projet-c"
            },
            "tags_all": {
              "Environment": "local",
              "ManagedBy": "Terraform",
              "Name": "projet-c-vpc",
              "Project": "projet-c"
            }
          },
          "sensitive_attributes": [],
          "identity_schema_version": 0,
          "private": "eyJzY2hlbWFfdmVyc2lvbiI6IjEifQ==",
          "create_before_destroy": true
        }
      ]
    }
  ],
  "check_results": null
}
