{
  "version": 4,
  "terraform_version": "1.12.0",
  "serial": 40,
  "lineage": "c49bb17d-2247-e070-7e9e-fe1100558a72",
  "outputs": {
    "github_runner_ip": {
      "value": "35.182.1.216",
      "type": "string"
    },
    "private_key_pem": {
      "value": "-----BEGIN RSA PRIVATE KEY-----\nMIIJKAIBAAKCAgEAlNcwaeMGP8i0/32x3g8xbBoBKHaPqDwucC82p/Sb93qiCPWT\n4vyQqDrpgZ3czJQoqBhgE119V49kOhfWaZlBR2k9G7UiCjG/kQD4wU0tF14sR3M7\nCQoHCfaAqkhU0bkTii4K2JN4UtBQP4xsNcdT00ltqB/ooDRZ+VZ+qpBp7CXDha87\nC0m2AoBLYWygUEG3cBGCL77+kgScLMDgzx5FoZgJfhm+r3xB0Yjd/dQb40VeTqi2\nuh1IeRUKFsnhg9WpayWC73DvRawwIZTPP8u9cUXMIUNt+kFHmcjuUkLpGFwABSZD\nyDZORjnupglDjJxR344sWPpOSvoml1hcHROd4B6uL39AgdbemCktOjeSguuiY+P7\nmTQp0fvo0LxkmICRFGvOnRIOdl1U1FzqQL0QBoHHgcMzlpJ6W4WMrdbba8XPceBF\nyFv9rgysSN1XsBK+F7xe6xPW3gQ7rTODCray/KAm/nxddFFPCIJyD3jfaGhsN7oV\nWAv8NcW7ZX89Vvc0YulzbdLgTe/NHJ4CQorhYGOCnbr2iOWeiejPd69L+4sZeYub\nR1vgCcxjOQyptxFEPc1cilLoN31KrRCpvNU9pgv2YlBT5S5PIf/PfqPGLmyhHar4\nGGvhHrlCKl4ZhrpWTVeT5x5LB6IlbiLjq6B6bpDafe7Psr67PCdjLxFfGMMCAwEA\nAQKCAgAsqTlkvHN2ljIBa+UAPczVpCPu0Uyf7Zb9oJ0k3pgiNVEDoTTD6oc5g5vn\ngcfsNxTQA6hohygCKwunBtoWi57z35cvhjV1m6Hgz8rUreS221IsCl6PgsvD6IyJ\nC/UvjPpY/yHQBMgZCVrbBra9mFcF0kWuKgzybWMGFzcg1P6Dln1J0t/DrlWIAJkd\n3atpCZ8SaJ6I1yWqCOoX37RVUb8REv7eMLlwDLfvOMNr08aedoUq0yMpS3ogoviJ\nCAC8P1N7zCCy2k9ht54lpXJesTLiF1B+Nq58ZjQm6Azi8CLjZU+4O9gg7nKkTePX\nPHZhbdJ/YzjZZhoyE0ebKC9Tpjw7u7NRMXuAZcfQcKizl041Bd3FHHbqpMZJHWx9\n9WG66qwxr4kOwZSj7U98S8yT+xXhrOTBAINfPAGAgrvpdwC1Bre1RPIc4l21VLit\nLMHpCnLJKa46HF57GJ7bZM4HhMSGrEiaQFGMwy2hRL5jEda/mMD0Os3vbi6cxSFs\nw8C9BGXWAYomm//7ZrREZ0Yo8JxyEisBorfvnipcmuCtZJvX8w00N5Me8eM1B26o\neLwHhn8MEEuE1N9JnXLdEwWPxeUiFoFKhPRzKx9Jj4TXPpelzE6RAiTkqTvPi0Ff\nprEkrN4ppXrOT7OndQkHD05eIvq3wC+VpjJt2OOqdAC7PRdsuQKCAQEAwgx+bz/v\nNKVSGDjg6m7K0+l2jTeDUp5l5nfFYRQYJ8jDbCxX7TdGnD5BFgmncmv8HYhTZQYf\ntNvhlsfRYEIaHnvsPfHEfR1QDWjZhOKGNcolmVQOIq1LGXfj8r1YV7C+5zR5w/7s\n5ZAk0lWRwJPHbMkRR20h5G+3JIrvt7zLEBt92wQIioSt7vEGsyqQmvOXQackFWOr\nOMHpmV6ycsZaFNiZ+RYH7QOT2xqa8OXyVMA3Np1GhF7WoaM1clH3e5wCLt0k6zc7\nHzl75MErCAOZrwXRV31Z+MIRnw3X/ZcR7P6XSAh+w9Rmh5ocjXM+b4UojcXu0Vy8\naxY86wZk4/RpFQKCAQEAxFvZ5xp+SGV66dIEWG3GSAj5s/mP7eZQ0JF0T1Qx0RFe\necxx3ZnCwTaG10Z0dHGL8z6Yv3g686LRTomMYJidmGyOTwH27KejcV3WP2JAPIih\nTT3sLaz1g7OUF3k2JHqgVjBVjot6sVkbw8yQC9+qGiGllde8xcuyqoih+SjSIiLS\ngDKmxkYZ1+jDiDXgvXdCrH+iqD97HT83BGaZjp+vgoBb3yCZNJckAvdcNLoREUF7\nsd6BrS7OL+ND8DfXHSNC1PHBeRGs6lrODC8imlRaIkvo8zZWLGat7TBkPKXE+uvC\nQBHpsbKj9WxmSocZJGXHbP2mQD7MXYtpflKRQ8lAdwKCAQAQSDIXrZqppTGFPMiK\ngy9bppw+7yiCty2/r88M/T2loO/c1L+v9NJk68hUTA0TycHGzJiKwn/IkiaUm0GT\nPRip9CX3cKDXCq2b4m9V+hfezY5oFih1emrxwSCMTpzqBreN+NY6vtorzPN5/poT\nOZMjKp/biWmtnD4Wv92rYhj7ygK+bNE2pjld8jVotSqbBdNsO9UIQmusgIDUUKDS\nhpgqZZ5Nyy5xEbrHSK01h2XU/KflWj7/fmGuAF7Mr9n/MjDws7eUUPcSAKXHpPmy\nW3L6v5c4KxlwiQAng2bbLWDgrOAOuD/CuMC9og3BRKk5fEfR1YjbYleg+KW15rxy\ncCCdAoIBAQCdyIkCcYGEPzdTaBVh0WQBQmUUP7duHSJXVmo1zJvzOZfHG4dr4EBk\n7aHQnqa5YvxoS6aGROBqIi06hMCuZjRM5P49coCujc6CLDsa16Jygf/Lh7Sex1rJ\np6WabyYYjgkE+PXnAyFmHQp4fYpKYEHZmavrCl6AOjypV/1/r1ObZovrw8fLj0z4\n9+sXKuQamxiScEWOGOSfDcrx2FgQCTUJEofAdftmDQU89PO80r8gNJRmyzs8pF2+\nkUpoXxaWLV1oq5Mh7BgcgTcNB1sw1BNRd9oKhWEdcKzV6YrCSRpN3uBKh5pX1gp2\nDdLslD6ZxsdHR1MuUMf7aykr/sEHzVHlAoIBAGl3AYHWYkE5OVlIV7YOKPrnV0qD\nqYt/8Ewi9ZWMDJYHy6edgW8wJGqIIb1dyfpU0vcxnUYfw/vrRwdqylafwn83Db7l\nAwWPDPtOrVy7Fe0zpO4yxfyH1XBCNB5pFoyCO338KrnwoSR72meNj3tp3AiOTk8g\nNv7sFpnhSN8e/1gyvXwN0zp7f/0DYSc+6c7xmKyEjlbG+MmCeNIXWACG2VXOqVND\nsooKwAdTtH9Nxb5+7BT9LPyBTjngaEPFOGMczanDnYAVrnKNxQ1OGXCjgEYHDMwF\nh6P3gI5sNAxt4Q40LBtAYbaB9DdSE/20k/23Qg3fBMRPAzMOglJOe5770ZE=\n-----END RSA PRIVATE KEY-----\n",
      "type": "string",
      "sensitive": true
    },
    "public_key_openssh": {
      "value": "ssh-rsa AAAAB3NzaC1yc2EAAAADAQABAAACAQCU1zBp4wY/yLT/fbHeDzFsGgEodo+oPC5wLzan9Jv3eqII9ZPi/JCoOumBndzMlCioGGATXX1Xj2Q6F9ZpmUFHaT0btSIKMb+RAPjBTS0XXixHczsJCgcJ9oCqSFTRuROKLgrYk3hS0FA/jGw1x1PTSW2oH+igNFn5Vn6qkGnsJcOFrzsLSbYCgEthbKBQQbdwEYIvvv6SBJwswODPHkWhmAl+Gb6vfEHRiN391BvjRV5OqLa6HUh5FQoWyeGD1alrJYLvcO9FrDAhlM8/y71xRcwhQ236QUeZyO5SQukYXAAFJkPINk5GOe6mCUOMnFHfjixY+k5K+iaXWFwdE53gHq4vf0CB1t6YKS06N5KC66Jj4/uZNCnR++jQvGSYgJEUa86dEg52XVTUXOpAvRAGgceBwzOWknpbhYyt1ttrxc9x4EXIW/2uDKxI3VewEr4XvF7rE9beBDutM4MKtrL8oCb+fF10UU8IgnIPeN9oaGw3uhVYC/w1xbtlfz1W9zRi6XNt0uBN780cngJCiuFgY4KduvaI5Z6J6M93r0v7ixl5i5tHW+AJzGM5DKm3EUQ9zVyKUug3fUqtEKm81T2mC/ZiUFPlLk8h/89+o8YubKEdqvgYa+EeuUIqXhmGulZNV5PnHksHoiVuIuOroHpukNp97s+yvrs8J2MvEV8Yww==\n",
      "type": "string"
    },
    "sonarqube_ip": {
      "value": "15.157.69.174",
      "type": "string"
    }
  },
  "resources": [
    {
      "mode": "managed",
      "type": "aws_instance",
      "name": "github_runner",
      "provider": "provider[\"registry.terraform.io/hashicorp/aws\"]",
      "instances": [
        {
          "schema_version": 1,
          "attributes": {
            "ami": "ami-0a2e7efb4257c0907",
            "arn": "arn:aws:ec2:ca-central-1:645860290752:instance/i-0e0fc16104585783e",
            "associate_public_ip_address": true,
            "availability_zone": "ca-central-1a",
            "capacity_reservation_specification": [
              {
                "capacity_reservation_preference": "open",
                "capacity_reservation_target": []
              }
            ],
            "cpu_core_count": 1,
            "cpu_options": [
              {
                "amd_sev_snp": "",
                "core_count": 1,
                "threads_per_core": 2
              }
            ],
            "cpu_threads_per_core": 2,
            "credit_specification": [
              {
                "cpu_credits": "unlimited"
              }
            ],
            "disable_api_stop": false,
            "disable_api_termination": false,
            "ebs_block_device": [],
            "ebs_optimized": false,
            "enable_primary_ipv6": null,
            "enclave_options": [
              {
                "enabled": false
              }
            ],
            "ephemeral_block_device": [],
            "get_password_data": false,
            "hibernation": false,
            "host_id": "",
            "host_resource_group_arn": null,
            "iam_instance_profile": "",
            "id": "i-0e0fc16104585783e",
            "instance_initiated_shutdown_behavior": "stop",
            "instance_lifecycle": "",
            "instance_market_options": [],
            "instance_state": "running",
            "instance_type": "t3a.small",
            "ipv6_address_count": 0,
            "ipv6_addresses": [],
            "key_name": "projet-c-local-key",
            "launch_template": [],
            "maintenance_options": [
              {
                "auto_recovery": "default"
              }
            ],
            "metadata_options": [
              {
                "http_endpoint": "enabled",
                "http_protocol_ipv6": "disabled",
                "http_put_response_hop_limit": 1,
                "http_tokens": "optional",
                "instance_metadata_tags": "disabled"
              }
            ],
            "monitoring": false,
            "network_interface": [],
            "outpost_arn": "",
            "password_data": "",
            "placement_group": "",
            "placement_partition_number": 0,
            "primary_network_interface_id": "eni-06a87e3712fe2c47c",
            "private_dns": "ip-10-0-101-96.ca-central-1.compute.internal",
            "private_dns_name_options": [
              {
                "enable_resource_name_dns_a_record": false,
                "enable_resource_name_dns_aaaa_record": false,
                "hostname_type": "ip-name"
              }
            ],
            "private_ip": "10.0.101.96",
            "public_dns": "ec2-35-182-1-216.ca-central-1.compute.amazonaws.com",
            "public_ip": "35.182.1.216",
            "root_block_device": [
              {
                "delete_on_termination": true,
                "device_name": "/dev/sda1",
                "encrypted": false,
                "iops": 3000,
                "kms_key_id": "",
                "tags": {},
                "tags_all": {},
                "throughput": 125,
                "volume_id": "vol-03978c83a4255d473",
                "volume_size": 20,
                "volume_type": "gp3"
              }
            ],
            "secondary_private_ips": [],
            "security_groups": [],
            "source_dest_check": true,
            "spot_instance_request_id": "",
            "subnet_id": "subnet-06d9fda733ddab27c",
            "tags": {
              "Environment": "local",
              "ManagedBy": "Terraform",
              "Name": "projet-c-github-runner",
              "Project": "projet-c"
            },
            "tags_all": {
              "Environment": "local",
              "ManagedBy": "Terraform",
              "Name": "projet-c-github-runner",
              "Project": "projet-c"
            },
            "tenancy": "default",
            "timeouts": null,
            "user_data": null,
            "user_data_base64": null,
            "user_data_replace_on_change": false,
            "volume_tags": null,
            "vpc_security_group_ids": [
              "sg-02663c2199424951c"
            ]
          },
          "sensitive_attributes": [],
          "identity_schema_version": 0,
          "private": "eyJlMmJmYjczMC1lY2FhLTExZTYtOGY4OC0zNDM2M2JjN2M0YzAiOnsiY3JlYXRlIjo2MDAwMDAwMDAwMDAsImRlbGV0ZSI6MTIwMDAwMDAwMDAwMCwicmVhZCI6OTAwMDAwMDAwMDAwLCJ1cGRhdGUiOjYwMDAwMDAwMDAwMH0sInNjaGVtYV92ZXJzaW9uIjoiMSJ9",
          "dependencies": [
            "aws_key_pair.deployer",
            "aws_security_group.instances",
            "module.vpc.aws_subnet.public",
            "module.vpc.aws_vpc.this",
            "module.vpc.aws_vpc_ipv4_cidr_block_association.this",
            "tls_private_key.deployer"
          ]
        }
      ]
    },
    {
      "mode": "managed",
      "type": "aws_instance",
      "name": "sonarqube",
      "provider": "provider[\"registry.terraform.io/hashicorp/aws\"]",
      "instances": [
        {
          "schema_version": 1,
          "attributes": {
            "ami": "ami-0a2e7efb4257c0907",
            "arn": "arn:aws:ec2:ca-central-1:645860290752:instance/i-0c61e4f0f26e69826",
            "associate_public_ip_address": true,
            "availability_zone": "ca-central-1a",
            "capacity_reservation_specification": [
              {
                "capacity_reservation_preference": "open",
                "capacity_reservation_target": []
              }
            ],
            "cpu_core_count": 1,
            "cpu_options": [
              {
                "amd_sev_snp": "",
                "core_count": 1,
                "threads_per_core": 2
              }
            ],
            "cpu_threads_per_core": 2,
            "credit_specification": [
              {
                "cpu_credits": "unlimited"
              }
            ],
            "disable_api_stop": false,
            "disable_api_termination": false,
            "ebs_block_device": [],
            "ebs_optimized": false,
            "enable_primary_ipv6": null,
            "enclave_options": [
              {
                "enabled": false
              }
            ],
            "ephemeral_block_device": [],
            "get_password_data": false,
            "hibernation": false,
            "host_id": "",
            "host_resource_group_arn": null,
            "iam_instance_profile": "",
            "id": "i-0c61e4f0f26e69826",
            "instance_initiated_shutdown_behavior": "stop",
            "instance_lifecycle": "",
            "instance_market_options": [],
            "instance_state": "running",
            "instance_type": "t3.medium",
            "ipv6_address_count": 0,
            "ipv6_addresses": [],
            "key_name": "projet-c-local-key",
            "launch_template": [],
            "maintenance_options": [
              {
                "auto_recovery": "default"
              }
            ],
            "metadata_options": [
              {
                "http_endpoint": "enabled",
                "http_protocol_ipv6": "disabled",
                "http_put_response_hop_limit": 1,
                "http_tokens": "optional",
                "instance_metadata_tags": "disabled"
              }
            ],
            "monitoring": false,
            "network_interface": [],
            "outpost_arn": "",
            "password_data": "",
            "placement_group": "",
            "placement_partition_number": 0,
            "primary_network_interface_id": "eni-0a9d60b3ac7cfd44d",
            "private_dns": "ip-10-0-101-157.ca-central-1.compute.internal",
            "private_dns_name_options": [
              {
                "enable_resource_name_dns_a_record": false,
                "enable_resource_name_dns_aaaa_record": false,
                "hostname_type": "ip-name"
              }
            ],
            "private_ip": "10.0.101.157",
            "public_dns": "ec2-15-157-69-174.ca-central-1.compute.amazonaws.com",
            "public_ip": "15.157.69.174",
            "root_block_device": [
              {
                "delete_on_termination": true,
                "device_name": "/dev/sda1",
                "encrypted": false,
                "iops": 3000,
                "kms_key_id": "",
                "tags": {},
                "tags_all": {},
                "throughput": 125,
                "volume_id": "vol-001dfaf96cc34da45",
                "volume_size": 32,
                "volume_type": "gp3"
              }
            ],
            "secondary_private_ips": [],
            "security_groups": [],
            "source_dest_check": true,
            "spot_instance_request_id": "",
            "subnet_id": "subnet-06d9fda733ddab27c",
            "tags": {
              "Environment": "local",
              "ManagedBy": "Terraform",
              "Name": "projet-c-sonarqube",
              "Project": "projet-c"
            },
            "tags_all": {
              "Environment": "local",
              "ManagedBy": "Terraform",
              "Name": "projet-c-sonarqube",
              "Project": "projet-c"
            },
            "tenancy": "default",
            "timeouts": null,
            "user_data": null,
            "user_data_base64": null,
            "user_data_replace_on_change": false,
            "volume_tags": null,
            "vpc_security_group_ids": [
              "sg-02663c2199424951c"
            ]
          },
          "sensitive_attributes": [],
          "identity_schema_version": 0,
          "private": "eyJlMmJmYjczMC1lY2FhLTExZTYtOGY4OC0zNDM2M2JjN2M0YzAiOnsiY3JlYXRlIjo2MDAwMDAwMDAwMDAsImRlbGV0ZSI6MTIwMDAwMDAwMDAwMCwicmVhZCI6OTAwMDAwMDAwMDAwLCJ1cGRhdGUiOjYwMDAwMDAwMDAwMH0sInNjaGVtYV92ZXJzaW9uIjoiMSJ9",
          "dependencies": [
            "aws_key_pair.deployer",
            "aws_security_group.instances",
            "module.vpc.aws_subnet.public",
            "module.vpc.aws_vpc.this",
            "module.vpc.aws_vpc_ipv4_cidr_block_association.this",
            "tls_private_key.deployer"
          ]
        }
      ]
    },
    {
      "mode": "managed",
      "type": "aws_key_pair",
      "name": "deployer",
      "provider": "provider[\"registry.terraform.io/hashicorp/aws\"]",
      "instances": [
        {
          "schema_version": 1,
          "attributes": {
            "arn": "arn:aws:ec2:ca-central-1:645860290752:key-pair/projet-c-local-key",
            "fingerprint": "4e:18:c3:73:3d:67:38:cf:3b:e9:61:19:21:a9:f3:f8",
            "id": "projet-c-local-key",
            "key_name": "projet-c-local-key",
            "key_name_prefix": "",
            "key_pair_id": "key-0a156967065d97e96",
            "key_type": "rsa",
            "public_key": "ssh-rsa AAAAB3NzaC1yc2EAAAADAQABAAACAQCU1zBp4wY/yLT/fbHeDzFsGgEodo+oPC5wLzan9Jv3eqII9ZPi/JCoOumBndzMlCioGGATXX1Xj2Q6F9ZpmUFHaT0btSIKMb+RAPjBTS0XXixHczsJCgcJ9oCqSFTRuROKLgrYk3hS0FA/jGw1x1PTSW2oH+igNFn5Vn6qkGnsJcOFrzsLSbYCgEthbKBQQbdwEYIvvv6SBJwswODPHkWhmAl+Gb6vfEHRiN391BvjRV5OqLa6HUh5FQoWyeGD1alrJYLvcO9FrDAhlM8/y71xRcwhQ236QUeZyO5SQukYXAAFJkPINk5GOe6mCUOMnFHfjixY+k5K+iaXWFwdE53gHq4vf0CB1t6YKS06N5KC66Jj4/uZNCnR++jQvGSYgJEUa86dEg52XVTUXOpAvRAGgceBwzOWknpbhYyt1ttrxc9x4EXIW/2uDKxI3VewEr4XvF7rE9beBDutM4MKtrL8oCb+fF10UU8IgnIPeN9oaGw3uhVYC/w1xbtlfz1W9zRi6XNt0uBN780cngJCiuFgY4KduvaI5Z6J6M93r0v7ixl5i5tHW+AJzGM5DKm3EUQ9zVyKUug3fUqtEKm81T2mC/ZiUFPlLk8h/89+o8YubKEdqvgYa+EeuUIqXhmGulZNV5PnHksHoiVuIuOroHpukNp97s+yvrs8J2MvEV8Yww==",
            "tags": {},
            "tags_all": {}
          },
          "sensitive_attributes": [],
          "identity_schema_version": 0,
          "private": "eyJzY2hlbWFfdmVyc2lvbiI6IjEifQ==",
          "dependencies": [
            "tls_private_key.deployer"
          ]
        }
      ]
    },
    {
      "mode": "managed",
      "type": "aws_security_group",
      "name": "instances",
      "provider": "provider[\"registry.terraform.io/hashicorp/aws\"]",
      "instances": [
        {
          "schema_version": 1,
          "attributes": {
            "arn": "arn:aws:ec2:ca-central-1:645860290752:security-group/sg-02663c2199424951c",
            "description": "Security group for EC2 instances",
            "egress": [
              {
                "cidr_blocks": [
                  "0.0.0.0/0"
                ],
                "description": "",
                "from_port": 0,
                "ipv6_cidr_blocks": [],
                "prefix_list_ids": [],
                "protocol": "-1",
                "security_groups": [],
                "self": false,
                "to_port": 0
              }
            ],
            "id": "sg-02663c2199424951c",
            "ingress": [
              {
                "cidr_blocks": [
                  "0.0.0.0/0"
                ],
                "description": "",
                "from_port": 22,
                "ipv6_cidr_blocks": [],
                "prefix_list_ids": [],
                "protocol": "tcp",
                "security_groups": [],
                "self": false,
                "to_port": 22
              },
              {
                "cidr_blocks": [
                  "0.0.0.0/0"
                ],
                "description": "",
                "from_port": 9000,
                "ipv6_cidr_blocks": [],
                "prefix_list_ids": [],
                "protocol": "tcp",
                "security_groups": [],
                "self": false,
                "to_port": 9000
              }
            ],
            "name": "projet-c-instances-sg",
            "name_prefix": "",
            "owner_id": "645860290752",
            "revoke_rules_on_delete": false,
            "tags": {
              "Environment": "local",
              "ManagedBy": "Terraform",
              "Project": "projet-c"
            },
            "tags_all": {
              "Environment": "local",
              "ManagedBy": "Terraform",
              "Project": "projet-c"
            },
            "timeouts": null,
            "vpc_id": "vpc-0d7e6688de5614541"
          },
          "sensitive_attributes": [],
          "identity_schema_version": 0,
          "private": "eyJlMmJmYjczMC1lY2FhLTExZTYtOGY4OC0zNDM2M2JjN2M0YzAiOnsiY3JlYXRlIjo2MDAwMDAwMDAwMDAsImRlbGV0ZSI6OTAwMDAwMDAwMDAwfSwic2NoZW1hX3ZlcnNpb24iOiIxIn0=",
          "dependencies": [
            "module.vpc.aws_vpc.this"
          ],
          "create_before_destroy": true
        }
      ]
    },
    {
      "mode": "managed",
      "type": "local_file",
      "name": "ansible_inventory",
      "provider": "provider[\"registry.terraform.io/hashicorp/local\"]",
      "instances": [
        {
          "schema_version": 0,
          "attributes": {
            "content": "[github_runner]\n35.182.1.216 ansible_user=ubuntu ansible_ssh_private_key_file=../files/id_rsa\n\n[sonarqube]\n15.157.69.174 ansible_user=ubuntu ansible_ssh_private_key_file=../files/id_rsa\n",
            "content_base64": null,
            "content_base64sha256": "CxtTVRoN3clms6+Ah03YN/F5zLIJAQgYWn2nCGTlR8I=",
            "content_base64sha512": "M7VTzn4fJOffTESAIfsjZX7/2XFSs1zrE0eY9ZkCjk2ncioU2aaBoDZszzuSGElehFFewjA9XnmVtLlUoMozQw==",
            "content_md5": "a0808bae0cd225cab84613156b57735d",
            "content_sha1": "88f60d722a0b7d6bbee3ad0f4894deb60c289b11",
            "content_sha256": "0b1b53551a0dddc966b3af80874dd837f179ccb2090108185a7da70864e547c2",
            "content_sha512": "33b553ce7e1f24e7df4c448021fb23657effd97152b35ceb134798f599028e4da7722a14d9a681a0366ccf3b9218495e84515ec2303d5e7995b4b954a0ca3343",
            "directory_permission": "0777",
            "file_permission": "0777",
            "filename": "./../ansible/inventory.ini",
            "id": "88f60d722a0b7d6bbee3ad0f4894deb60c289b11",
            "sensitive_content": null,
            "source": null
          },
          "sensitive_attributes": [
            [
              {
                "type": "get_attr",
                "value": "sensitive_content"
              }
            ]
          ],
          "identity_schema_version": 0,
          "dependencies": [
            "aws_instance.github_runner",
            "aws_instance.sonarqube",
            "aws_key_pair.deployer",
            "aws_security_group.instances",
            "module.vpc.aws_subnet.public",
            "module.vpc.aws_vpc.this",
            "module.vpc.aws_vpc_ipv4_cidr_block_association.this",
            "tls_private_key.deployer"
          ]
        }
      ]
    },
    {
      "mode": "managed",
      "type": "tls_private_key",
      "name": "deployer",
      "provider": "provider[\"registry.terraform.io/hashicorp/tls\"]",
      "instances": [
        {
          "schema_version": 1,
          "attributes": {
            "algorithm": "RSA",
            "ecdsa_curve": "P224",
            "id": "76ec7df6af32a1e87a417a443848ee6e782246ca",
            "private_key_openssh": "-----BEGIN OPENSSH PRIVATE KEY-----\nb3BlbnNzaC1rZXktdjEAAAAABG5vbmUAAAAEbm9uZQAAAAAAAAABAAACFwAAAAdz\nc2gtcnNhAAAAAwEAAQAAAgEAlNcwaeMGP8i0/32x3g8xbBoBKHaPqDwucC82p/Sb\n93qiCPWT4vyQqDrpgZ3czJQoqBhgE119V49kOhfWaZlBR2k9G7UiCjG/kQD4wU0t\nF14sR3M7CQoHCfaAqkhU0bkTii4K2JN4UtBQP4xsNcdT00ltqB/ooDRZ+VZ+qpBp\n7CXDha87C0m2AoBLYWygUEG3cBGCL77+kgScLMDgzx5FoZgJfhm+r3xB0Yjd/dQb\n40VeTqi2uh1IeRUKFsnhg9WpayWC73DvRawwIZTPP8u9cUXMIUNt+kFHmcjuUkLp\nGFwABSZDyDZORjnupglDjJxR344sWPpOSvoml1hcHROd4B6uL39AgdbemCktOjeS\nguuiY+P7mTQp0fvo0LxkmICRFGvOnRIOdl1U1FzqQL0QBoHHgcMzlpJ6W4WMrdbb\na8XPceBFyFv9rgysSN1XsBK+F7xe6xPW3gQ7rTODCray/KAm/nxddFFPCIJyD3jf\naGhsN7oVWAv8NcW7ZX89Vvc0YulzbdLgTe/NHJ4CQorhYGOCnbr2iOWeiejPd69L\n+4sZeYubR1vgCcxjOQyptxFEPc1cilLoN31KrRCpvNU9pgv2YlBT5S5PIf/PfqPG\nLmyhHar4GGvhHrlCKl4ZhrpWTVeT5x5LB6IlbiLjq6B6bpDafe7Psr67PCdjLxFf\nGMMAAAc4Iu3gjCLt4IwAAAAHc3NoLXJzYQAAAgEAlNcwaeMGP8i0/32x3g8xbBoB\nKHaPqDwucC82p/Sb93qiCPWT4vyQqDrpgZ3czJQoqBhgE119V49kOhfWaZlBR2k9\nG7UiCjG/kQD4wU0tF14sR3M7CQoHCfaAqkhU0bkTii4K2JN4UtBQP4xsNcdT00lt\nqB/ooDRZ+VZ+qpBp7CXDha87C0m2AoBLYWygUEG3cBGCL77+kgScLMDgzx5FoZgJ\nfhm+r3xB0Yjd/dQb40VeTqi2uh1IeRUKFsnhg9WpayWC73DvRawwIZTPP8u9cUXM\nIUNt+kFHmcjuUkLpGFwABSZDyDZORjnupglDjJxR344sWPpOSvoml1hcHROd4B6u\nL39AgdbemCktOjeSguuiY+P7mTQp0fvo0LxkmICRFGvOnRIOdl1U1FzqQL0QBoHH\ngcMzlpJ6W4WMrdbba8XPceBFyFv9rgysSN1XsBK+F7xe6xPW3gQ7rTODCray/KAm\n/nxddFFPCIJyD3jfaGhsN7oVWAv8NcW7ZX89Vvc0YulzbdLgTe/NHJ4CQorhYGOC\nnbr2iOWeiejPd69L+4sZeYubR1vgCcxjOQyptxFEPc1cilLoN31KrRCpvNU9pgv2\nYlBT5S5PIf/PfqPGLmyhHar4GGvhHrlCKl4ZhrpWTVeT5x5LB6IlbiLjq6B6bpDa\nfe7Psr67PCdjLxFfGMMAAAADAQABAAACACypOWS8c3aWMgFr5QA9zNWkI+7RTJ/t\nlv2gnSTemCI1UQOhNMPqhzmDm+eBx+w3FNADqGiHKAIrC6cG2haLnvPfly+GNXWb\noeDPytSt5LbbUiwKXo+Cy8PojIkL9S+M+lj/IdAEyBkJWtsGtr2YVwXSRa4qDPJt\nYwYXNyDU/oOWfUnS38OuVYgAmR3dq2kJnxJonojXJaoI6hfftFVRvxES/t4wuXAM\nt+84w2vTxp52hSrTIylLeiCi+IkIALw/U3vMILLaT2G3niWlcl6xMuIXUH42rnxm\nNCboDOLwIuNlT7g72CDucqRN49c8dmFt0n9jONlmGjITR5soL1OmPDu7s1Exe4Bl\nx9BwqLOXTjUF3cUcduqkxkkdbH31YbrqrDGviQ7BlKPtT3xLzJP7FeGs5MEAg188\nAYCCu+l3ALUGt7VE8hziXbVUuK0swekKcskprjocXnsYnttkzgeExIasSJpAUYzD\nLaFEvmMR1r+YwPQ6ze9uLpzFIWzDwL0EZdYBiiab//tmtERnRijwnHISKwGit++e\nKlya4K1km9fzDTQ3kx7x4zUHbqh4vAeGfwwQS4TU30mdct0TBY/F5SIWgUqE9HMr\nH0mPhNc+l6XMTpECJOSpO8+LQV+msSSs3imles5Ps6d1CQcPTl4i+rfAL5WmMm3Y\n46p0ALs9F2y5AAABAGl3AYHWYkE5OVlIV7YOKPrnV0qDqYt/8Ewi9ZWMDJYHy6ed\ngW8wJGqIIb1dyfpU0vcxnUYfw/vrRwdqylafwn83Db7lAwWPDPtOrVy7Fe0zpO4y\nxfyH1XBCNB5pFoyCO338KrnwoSR72meNj3tp3AiOTk8gNv7sFpnhSN8e/1gyvXwN\n0zp7f/0DYSc+6c7xmKyEjlbG+MmCeNIXWACG2VXOqVNDsooKwAdTtH9Nxb5+7BT9\nLPyBTjngaEPFOGMczanDnYAVrnKNxQ1OGXCjgEYHDMwFh6P3gI5sNAxt4Q40LBtA\nYbaB9DdSE/20k/23Qg3fBMRPAzMOglJOe5770ZEAAAEBAMIMfm8/7zSlUhg44Opu\nytPpdo03g1KeZeZ3xWEUGCfIw2wsV+03Rpw+QRYJp3Jr/B2IU2UGH7Tb4ZbH0WBC\nGh577D3xxH0dUA1o2YTihjXKJZlUDiKtSxl34/K9WFewvuc0ecP+7OWQJNJVkcCT\nx2zJEUdtIeRvtySK77e8yxAbfdsECIqEre7xBrMqkJrzl0GnJBVjqzjB6ZlesnLG\nWhTYmfkWB+0Dk9samvDl8lTANzadRoRe1qGjNXJR93ucAi7dJOs3Ox85e+TBKwgD\nma8F0Vd9WfjCEZ8N1/2XEez+l0gIfsPUZoeaHI1zPm+FKI3F7tFcvGsWPOsGZOP0\naRUAAAEBAMRb2ecafkhleunSBFhtxkgI+bP5j+3mUNCRdE9UMdERXnnMcd2ZwsE2\nhtdGdHRxi/M+mL94OvOi0U6JjGCYnZhsjk8B9uyno3Fd1j9iQDyIoU097C2s9YOz\nlBd5NiR6oFYwVY6LerFZG8PMkAvfqhohpZXXvMXLsqqIofko0iIi0oAypsZGGdfo\nw4g14L13Qqx/oqg/ex0/NwRmmY6fr4KAW98gmTSXJAL3XDS6ERFBe7Hega0uzi/j\nQ/A31x0jQtTxwXkRrOpazgwvIppUWiJL6PM2Vixmre0wZDylxPrrwkAR6bGyo/Vs\nZkqHGSRlx2z9pkA+zF2LaX5SkUPJQHcAAAAAAQID\n-----END OPENSSH PRIVATE KEY-----\n",
            "private_key_pem": "-----BEGIN RSA PRIVATE KEY-----\nMIIJKAIBAAKCAgEAlNcwaeMGP8i0/32x3g8xbBoBKHaPqDwucC82p/Sb93qiCPWT\n4vyQqDrpgZ3czJQoqBhgE119V49kOhfWaZlBR2k9G7UiCjG/kQD4wU0tF14sR3M7\nCQoHCfaAqkhU0bkTii4K2JN4UtBQP4xsNcdT00ltqB/ooDRZ+VZ+qpBp7CXDha87\nC0m2AoBLYWygUEG3cBGCL77+kgScLMDgzx5FoZgJfhm+r3xB0Yjd/dQb40VeTqi2\nuh1IeRUKFsnhg9WpayWC73DvRawwIZTPP8u9cUXMIUNt+kFHmcjuUkLpGFwABSZD\nyDZORjnupglDjJxR344sWPpOSvoml1hcHROd4B6uL39AgdbemCktOjeSguuiY+P7\nmTQp0fvo0LxkmICRFGvOnRIOdl1U1FzqQL0QBoHHgcMzlpJ6W4WMrdbba8XPceBF\nyFv9rgysSN1XsBK+F7xe6xPW3gQ7rTODCray/KAm/nxddFFPCIJyD3jfaGhsN7oV\nWAv8NcW7ZX89Vvc0YulzbdLgTe/NHJ4CQorhYGOCnbr2iOWeiejPd69L+4sZeYub\nR1vgCcxjOQyptxFEPc1cilLoN31KrRCpvNU9pgv2YlBT5S5PIf/PfqPGLmyhHar4\nGGvhHrlCKl4ZhrpWTVeT5x5LB6IlbiLjq6B6bpDafe7Psr67PCdjLxFfGMMCAwEA\nAQKCAgAsqTlkvHN2ljIBa+UAPczVpCPu0Uyf7Zb9oJ0k3pgiNVEDoTTD6oc5g5vn\ngcfsNxTQA6hohygCKwunBtoWi57z35cvhjV1m6Hgz8rUreS221IsCl6PgsvD6IyJ\nC/UvjPpY/yHQBMgZCVrbBra9mFcF0kWuKgzybWMGFzcg1P6Dln1J0t/DrlWIAJkd\n3atpCZ8SaJ6I1yWqCOoX37RVUb8REv7eMLlwDLfvOMNr08aedoUq0yMpS3ogoviJ\nCAC8P1N7zCCy2k9ht54lpXJesTLiF1B+Nq58ZjQm6Azi8CLjZU+4O9gg7nKkTePX\nPHZhbdJ/YzjZZhoyE0ebKC9Tpjw7u7NRMXuAZcfQcKizl041Bd3FHHbqpMZJHWx9\n9WG66qwxr4kOwZSj7U98S8yT+xXhrOTBAINfPAGAgrvpdwC1Bre1RPIc4l21VLit\nLMHpCnLJKa46HF57GJ7bZM4HhMSGrEiaQFGMwy2hRL5jEda/mMD0Os3vbi6cxSFs\nw8C9BGXWAYomm//7ZrREZ0Yo8JxyEisBorfvnipcmuCtZJvX8w00N5Me8eM1B26o\neLwHhn8MEEuE1N9JnXLdEwWPxeUiFoFKhPRzKx9Jj4TXPpelzE6RAiTkqTvPi0Ff\nprEkrN4ppXrOT7OndQkHD05eIvq3wC+VpjJt2OOqdAC7PRdsuQKCAQEAwgx+bz/v\nNKVSGDjg6m7K0+l2jTeDUp5l5nfFYRQYJ8jDbCxX7TdGnD5BFgmncmv8HYhTZQYf\ntNvhlsfRYEIaHnvsPfHEfR1QDWjZhOKGNcolmVQOIq1LGXfj8r1YV7C+5zR5w/7s\n5ZAk0lWRwJPHbMkRR20h5G+3JIrvt7zLEBt92wQIioSt7vEGsyqQmvOXQackFWOr\nOMHpmV6ycsZaFNiZ+RYH7QOT2xqa8OXyVMA3Np1GhF7WoaM1clH3e5wCLt0k6zc7\nHzl75MErCAOZrwXRV31Z+MIRnw3X/ZcR7P6XSAh+w9Rmh5ocjXM+b4UojcXu0Vy8\naxY86wZk4/RpFQKCAQEAxFvZ5xp+SGV66dIEWG3GSAj5s/mP7eZQ0JF0T1Qx0RFe\necxx3ZnCwTaG10Z0dHGL8z6Yv3g686LRTomMYJidmGyOTwH27KejcV3WP2JAPIih\nTT3sLaz1g7OUF3k2JHqgVjBVjot6sVkbw8yQC9+qGiGllde8xcuyqoih+SjSIiLS\ngDKmxkYZ1+jDiDXgvXdCrH+iqD97HT83BGaZjp+vgoBb3yCZNJckAvdcNLoREUF7\nsd6BrS7OL+ND8DfXHSNC1PHBeRGs6lrODC8imlRaIkvo8zZWLGat7TBkPKXE+uvC\nQBHpsbKj9WxmSocZJGXHbP2mQD7MXYtpflKRQ8lAdwKCAQAQSDIXrZqppTGFPMiK\ngy9bppw+7yiCty2/r88M/T2loO/c1L+v9NJk68hUTA0TycHGzJiKwn/IkiaUm0GT\nPRip9CX3cKDXCq2b4m9V+hfezY5oFih1emrxwSCMTpzqBreN+NY6vtorzPN5/poT\nOZMjKp/biWmtnD4Wv92rYhj7ygK+bNE2pjld8jVotSqbBdNsO9UIQmusgIDUUKDS\nhpgqZZ5Nyy5xEbrHSK01h2XU/KflWj7/fmGuAF7Mr9n/MjDws7eUUPcSAKXHpPmy\nW3L6v5c4KxlwiQAng2bbLWDgrOAOuD/CuMC9og3BRKk5fEfR1YjbYleg+KW15rxy\ncCCdAoIBAQCdyIkCcYGEPzdTaBVh0WQBQmUUP7duHSJXVmo1zJvzOZfHG4dr4EBk\n7aHQnqa5YvxoS6aGROBqIi06hMCuZjRM5P49coCujc6CLDsa16Jygf/Lh7Sex1rJ\np6WabyYYjgkE+PXnAyFmHQp4fYpKYEHZmavrCl6AOjypV/1/r1ObZovrw8fLj0z4\n9+sXKuQamxiScEWOGOSfDcrx2FgQCTUJEofAdftmDQU89PO80r8gNJRmyzs8pF2+\nkUpoXxaWLV1oq5Mh7BgcgTcNB1sw1BNRd9oKhWEdcKzV6YrCSRpN3uBKh5pX1gp2\nDdLslD6ZxsdHR1MuUMf7aykr/sEHzVHlAoIBAGl3AYHWYkE5OVlIV7YOKPrnV0qD\nqYt/8Ewi9ZWMDJYHy6edgW8wJGqIIb1dyfpU0vcxnUYfw/vrRwdqylafwn83Db7l\nAwWPDPtOrVy7Fe0zpO4yxfyH1XBCNB5pFoyCO338KrnwoSR72meNj3tp3AiOTk8g\nNv7sFpnhSN8e/1gyvXwN0zp7f/0DYSc+6c7xmKyEjlbG+MmCeNIXWACG2VXOqVND\nsooKwAdTtH9Nxb5+7BT9LPyBTjngaEPFOGMczanDnYAVrnKNxQ1OGXCjgEYHDMwF\nh6P3gI5sNAxt4Q40LBtAYbaB9DdSE/20k/23Qg3fBMRPAzMOglJOe5770ZE=\n-----END RSA PRIVATE KEY-----\n",
            "private_key_pem_pkcs8": "-----BEGIN PRIVATE KEY-----\nMIIJQgIBADANBgkqhkiG9w0BAQEFAASCCSwwggkoAgEAAoICAQCU1zBp4wY/yLT/\nfbHeDzFsGgEodo+oPC5wLzan9Jv3eqII9ZPi/JCoOumBndzMlCioGGATXX1Xj2Q6\nF9ZpmUFHaT0btSIKMb+RAPjBTS0XXixHczsJCgcJ9oCqSFTRuROKLgrYk3hS0FA/\njGw1x1PTSW2oH+igNFn5Vn6qkGnsJcOFrzsLSbYCgEthbKBQQbdwEYIvvv6SBJws\nwODPHkWhmAl+Gb6vfEHRiN391BvjRV5OqLa6HUh5FQoWyeGD1alrJYLvcO9FrDAh\nlM8/y71xRcwhQ236QUeZyO5SQukYXAAFJkPINk5GOe6mCUOMnFHfjixY+k5K+iaX\nWFwdE53gHq4vf0CB1t6YKS06N5KC66Jj4/uZNCnR++jQvGSYgJEUa86dEg52XVTU\nXOpAvRAGgceBwzOWknpbhYyt1ttrxc9x4EXIW/2uDKxI3VewEr4XvF7rE9beBDut\nM4MKtrL8oCb+fF10UU8IgnIPeN9oaGw3uhVYC/w1xbtlfz1W9zRi6XNt0uBN780c\nngJCiuFgY4KduvaI5Z6J6M93r0v7ixl5i5tHW+AJzGM5DKm3EUQ9zVyKUug3fUqt\nEKm81T2mC/ZiUFPlLk8h/89+o8YubKEdqvgYa+EeuUIqXhmGulZNV5PnHksHoiVu\nIuOroHpukNp97s+yvrs8J2MvEV8YwwIDAQABAoICACypOWS8c3aWMgFr5QA9zNWk\nI+7RTJ/tlv2gnSTemCI1UQOhNMPqhzmDm+eBx+w3FNADqGiHKAIrC6cG2haLnvPf\nly+GNXWboeDPytSt5LbbUiwKXo+Cy8PojIkL9S+M+lj/IdAEyBkJWtsGtr2YVwXS\nRa4qDPJtYwYXNyDU/oOWfUnS38OuVYgAmR3dq2kJnxJonojXJaoI6hfftFVRvxES\n/t4wuXAMt+84w2vTxp52hSrTIylLeiCi+IkIALw/U3vMILLaT2G3niWlcl6xMuIX\nUH42rnxmNCboDOLwIuNlT7g72CDucqRN49c8dmFt0n9jONlmGjITR5soL1OmPDu7\ns1Exe4Blx9BwqLOXTjUF3cUcduqkxkkdbH31YbrqrDGviQ7BlKPtT3xLzJP7FeGs\n5MEAg188AYCCu+l3ALUGt7VE8hziXbVUuK0swekKcskprjocXnsYnttkzgeExIas\nSJpAUYzDLaFEvmMR1r+YwPQ6ze9uLpzFIWzDwL0EZdYBiiab//tmtERnRijwnHIS\nKwGit++eKlya4K1km9fzDTQ3kx7x4zUHbqh4vAeGfwwQS4TU30mdct0TBY/F5SIW\ngUqE9HMrH0mPhNc+l6XMTpECJOSpO8+LQV+msSSs3imles5Ps6d1CQcPTl4i+rfA\nL5WmMm3Y46p0ALs9F2y5AoIBAQDCDH5vP+80pVIYOODqbsrT6XaNN4NSnmXmd8Vh\nFBgnyMNsLFftN0acPkEWCadya/wdiFNlBh+02+GWx9FgQhoee+w98cR9HVANaNmE\n4oY1yiWZVA4irUsZd+PyvVhXsL7nNHnD/uzlkCTSVZHAk8dsyRFHbSHkb7ckiu+3\nvMsQG33bBAiKhK3u8QazKpCa85dBpyQVY6s4wemZXrJyxloU2Jn5FgftA5PbGprw\n5fJUwDc2nUaEXtahozVyUfd7nAIu3STrNzsfOXvkwSsIA5mvBdFXfVn4whGfDdf9\nlxHs/pdICH7D1GaHmhyNcz5vhSiNxe7RXLxrFjzrBmTj9GkVAoIBAQDEW9nnGn5I\nZXrp0gRYbcZICPmz+Y/t5lDQkXRPVDHREV55zHHdmcLBNobXRnR0cYvzPpi/eDrz\notFOiYxgmJ2YbI5PAfbsp6NxXdY/YkA8iKFNPewtrPWDs5QXeTYkeqBWMFWOi3qx\nWRvDzJAL36oaIaWV17zFy7KqiKH5KNIiItKAMqbGRhnX6MOINeC9d0Ksf6KoP3sd\nPzcEZpmOn6+CgFvfIJk0lyQC91w0uhERQXux3oGtLs4v40PwN9cdI0LU8cF5Eazq\nWs4MLyKaVFoiS+jzNlYsZq3tMGQ8pcT668JAEemxsqP1bGZKhxkkZcds/aZAPsxd\ni2l+UpFDyUB3AoIBABBIMhetmqmlMYU8yIqDL1umnD7vKIK3Lb+vzwz9PaWg79zU\nv6/00mTryFRMDRPJwcbMmIrCf8iSJpSbQZM9GKn0JfdwoNcKrZvib1X6F97NjmgW\nKHV6avHBIIxOnOoGt4341jq+2ivM83n+mhM5kyMqn9uJaa2cPha/3atiGPvKAr5s\n0TamOV3yNWi1KpsF02w71QhCa6yAgNRQoNKGmCplnk3LLnERusdIrTWHZdT8p+Va\nPv9+Ya4AXsyv2f8yMPCzt5RQ9xIApcek+bJbcvq/lzgrGXCJACeDZtstYOCs4A64\nP8K4wL2iDcFEqTl8R9HViNtiV6D4pbXmvHJwIJ0CggEBAJ3IiQJxgYQ/N1NoFWHR\nZAFCZRQ/t24dIldWajXMm/M5l8cbh2vgQGTtodCeprli/GhLpoZE4GoiLTqEwK5m\nNEzk/j1ygK6NzoIsOxrXonKB/8uHtJ7HWsmnpZpvJhiOCQT49ecDIWYdCnh9ikpg\nQdmZq+sKXoA6PKlX/X+vU5tmi+vDx8uPTPj36xcq5BqbGJJwRY4Y5J8NyvHYWBAJ\nNQkSh8B1+2YNBTz087zSvyA0lGbLOzykXb6RSmhfFpYtXWirkyHsGByBNw0HWzDU\nE1F32gqFYR1wrNXpisJJGk3e4EqHmlfWCnYN0uyUPpnGx0dHUy5Qx/trKSv+wQfN\nUeUCggEAaXcBgdZiQTk5WUhXtg4o+udXSoOpi3/wTCL1lYwMlgfLp52BbzAkaogh\nvV3J+lTS9zGdRh/D++tHB2rKVp/CfzcNvuUDBY8M+06tXLsV7TOk7jLF/IfVcEI0\nHmkWjII7ffwqufChJHvaZ42Pe2ncCI5OTyA2/uwWmeFI3x7/WDK9fA3TOnt//QNh\nJz7pzvGYrISOVsb4yYJ40hdYAIbZVc6pU0OyigrAB1O0f03Fvn7sFP0s/IFOOeBo\nQ8U4YxzNqcOdgBWuco3FDU4ZcKOARgcMzAWHo/eAjmw0DG3hDjQsG0BhtoH0N1IT\n/bST/bdCDd8ExE8DMw6CUk57nvvRkQ==\n-----END PRIVATE KEY-----\n",
            "public_key_fingerprint_md5": "f4:1f:d6:b0:17:b5:37:25:e8:74:c9:ff:05:f0:96:a4",
            "public_key_fingerprint_sha256": "SHA256:9RtfKa53p+10aB79k3XHi/r2igNSsl6xZn+DJ6XJXMA",
            "public_key_openssh": "ssh-rsa AAAAB3NzaC1yc2EAAAADAQABAAACAQCU1zBp4wY/yLT/fbHeDzFsGgEodo+oPC5wLzan9Jv3eqII9ZPi/JCoOumBndzMlCioGGATXX1Xj2Q6F9ZpmUFHaT0btSIKMb+RAPjBTS0XXixHczsJCgcJ9oCqSFTRuROKLgrYk3hS0FA/jGw1x1PTSW2oH+igNFn5Vn6qkGnsJcOFrzsLSbYCgEthbKBQQbdwEYIvvv6SBJwswODPHkWhmAl+Gb6vfEHRiN391BvjRV5OqLa6HUh5FQoWyeGD1alrJYLvcO9FrDAhlM8/y71xRcwhQ236QUeZyO5SQukYXAAFJkPINk5GOe6mCUOMnFHfjixY+k5K+iaXWFwdE53gHq4vf0CB1t6YKS06N5KC66Jj4/uZNCnR++jQvGSYgJEUa86dEg52XVTUXOpAvRAGgceBwzOWknpbhYyt1ttrxc9x4EXIW/2uDKxI3VewEr4XvF7rE9beBDutM4MKtrL8oCb+fF10UU8IgnIPeN9oaGw3uhVYC/w1xbtlfz1W9zRi6XNt0uBN780cngJCiuFgY4KduvaI5Z6J6M93r0v7ixl5i5tHW+AJzGM5DKm3EUQ9zVyKUug3fUqtEKm81T2mC/ZiUFPlLk8h/89+o8YubKEdqvgYa+EeuUIqXhmGulZNV5PnHksHoiVuIuOroHpukNp97s+yvrs8J2MvEV8Yww==\n",
            "public_key_pem": "-----BEGIN PUBLIC KEY-----\nMIICIjANBgkqhkiG9w0BAQEFAAOCAg8AMIICCgKCAgEAlNcwaeMGP8i0/32x3g8x\nbBoBKHaPqDwucC82p/Sb93qiCPWT4vyQqDrpgZ3czJQoqBhgE119V49kOhfWaZlB\nR2k9G7UiCjG/kQD4wU0tF14sR3M7CQoHCfaAqkhU0bkTii4K2JN4UtBQP4xsNcdT\n00ltqB/ooDRZ+VZ+qpBp7CXDha87C0m2AoBLYWygUEG3cBGCL77+kgScLMDgzx5F\noZgJfhm+r3xB0Yjd/dQb40VeTqi2uh1IeRUKFsnhg9WpayWC73DvRawwIZTPP8u9\ncUXMIUNt+kFHmcjuUkLpGFwABSZDyDZORjnupglDjJxR344sWPpOSvoml1hcHROd\n4B6uL39AgdbemCktOjeSguuiY+P7mTQp0fvo0LxkmICRFGvOnRIOdl1U1FzqQL0Q\nBoHHgcMzlpJ6W4WMrdbba8XPceBFyFv9rgysSN1XsBK+F7xe6xPW3gQ7rTODCray\n/KAm/nxddFFPCIJyD3jfaGhsN7oVWAv8NcW7ZX89Vvc0YulzbdLgTe/NHJ4CQorh\nYGOCnbr2iOWeiejPd69L+4sZeYubR1vgCcxjOQyptxFEPc1cilLoN31KrRCpvNU9\npgv2YlBT5S5PIf/PfqPGLmyhHar4GGvhHrlCKl4ZhrpWTVeT5x5LB6IlbiLjq6B6\nbpDafe7Psr67PCdjLxFfGMMCAwEAAQ==\n-----END PUBLIC KEY-----\n",
            "rsa_bits": 4096
          },
          "sensitive_attributes": [
            [
              {
                "type": "get_attr",
                "value": "private_key_openssh"
              }
            ],
            [
              {
                "type": "get_attr",
                "value": "private_key_pem"
              }
            ],
            [
              {
                "type": "get_attr",
                "value": "private_key_pem_pkcs8"
              }
            ]
          ],
          "identity_schema_version": 0
        }
      ]
    },
    {
      "module": "module.vpc",
      "mode": "managed",
      "type": "aws_default_network_acl",
      "name": "this",
      "provider": "provider[\"registry.terraform.io/hashicorp/aws\"]",
      "instances": [
        {
          "index_key": 0,
          "schema_version": 0,
          "attributes": {
            "arn": "arn:aws:ec2:ca-central-1:645860290752:network-acl/acl-0a26c7a055c6e5d78",
            "default_network_acl_id": "acl-0a26c7a055c6e5d78",
            "egress": [
              {
                "action": "allow",
                "cidr_block": "",
                "from_port": 0,
                "icmp_code": 0,
                "icmp_type": 0,
                "ipv6_cidr_block": "::/0",
                "protocol": "-1",
                "rule_no": 101,
                "to_port": 0
              },
              {
                "action": "allow",
                "cidr_block": "0.0.0.0/0",
                "from_port": 0,
                "icmp_code": 0,
                "icmp_type": 0,
                "ipv6_cidr_block": "",
                "protocol": "-1",
                "rule_no": 100,
                "to_port": 0
              }
            ],
            "id": "acl-0a26c7a055c6e5d78",
            "ingress": [
              {
                "action": "allow",
                "cidr_block": "",
                "from_port": 0,
                "icmp_code": 0,
                "icmp_type": 0,
                "ipv6_cidr_block": "::/0",
                "protocol": "-1",
                "rule_no": 101,
                "to_port": 0
              },
              {
                "action": "allow",
                "cidr_block": "0.0.0.0/0",
                "from_port": 0,
                "icmp_code": 0,
                "icmp_type": 0,
                "ipv6_cidr_block": "",
                "protocol": "-1",
                "rule_no": 100,
                "to_port": 0
              }
            ],
            "owner_id": "645860290752",
            "subnet_ids": [
              "subnet-020255cba5df0e761",
              "subnet-06d9fda733ddab27c",
              "subnet-0b97f4ce03b655310",
              "subnet-0cf3b9c6f29e5cf81"
            ],
            "tags": {
              "Environment": "local",
              "ManagedBy": "Terraform",
              "Name": "projet-c-vpc-default",
              "Project": "projet-c"
            },
            "tags_all": {
              "Environment": "local",
              "ManagedBy": "Terraform",
              "Name": "projet-c-vpc-default",
              "Project": "projet-c"
            },
            "vpc_id": "vpc-0d7e6688de5614541"
          },
          "sensitive_attributes": [],
          "identity_schema_version": 0,
          "private": "bnVsbA==",
          "dependencies": [
            "module.vpc.aws_vpc.this"
          ]
        }
      ]
    },
    {
      "module": "module.vpc",
      "mode": "managed",
      "type": "aws_default_route_table",
      "name": "default",
      "provider": "provider[\"registry.terraform.io/hashicorp/aws\"]",
      "instances": [
        {
          "index_key": 0,
          "schema_version": 0,
          "attributes": {
            "arn": "arn:aws:ec2:ca-central-1:645860290752:route-table/rtb-0a8a56e729f0835ae",
            "default_route_table_id": "rtb-0a8a56e729f0835ae",
            "id": "rtb-0a8a56e729f0835ae",
            "owner_id": "645860290752",
            "propagating_vgws": [],
            "route": [],
            "tags": {
              "Environment": "local",
              "ManagedBy": "Terraform",
              "Name": "projet-c-vpc-default",
              "Project": "projet-c"
            },
            "tags_all": {
              "Environment": "local",
              "ManagedBy": "Terraform",
              "Name": "projet-c-vpc-default",
              "Project": "projet-c"
            },
            "timeouts": {
              "create": "5m",
              "update": "5m"
            },
            "vpc_id": "vpc-0d7e6688de5614541"
          },
          "sensitive_attributes": [],
          "identity_schema_version": 0,
          "private": "eyJlMmJmYjczMC1lY2FhLTExZTYtOGY4OC0zNDM2M2JjN2M0YzAiOnsiY3JlYXRlIjozMDAwMDAwMDAwMDAsInVwZGF0ZSI6MzAwMDAwMDAwMDAwfX0=",
          "dependencies": [
            "module.vpc.aws_vpc.this"
          ]
        }
      ]
    },
    {
      "module": "module.vpc",
      "mode": "managed",
      "type": "aws_default_security_group",
      "name": "this",
      "provider": "provider[\"registry.terraform.io/hashicorp/aws\"]",
      "instances": [
        {
          "index_key": 0,
          "schema_version": 1,
          "attributes": {
            "arn": "arn:aws:ec2:ca-central-1:645860290752:security-group/sg-0c837976143240e48",
            "description": "default VPC security group",
            "egress": [],
            "id": "sg-0c837976143240e48",
            "ingress": [],
            "name": "default",
            "name_prefix": "",
            "owner_id": "645860290752",
            "revoke_rules_on_delete": false,
            "tags": {
              "Environment": "local",
              "ManagedBy": "Terraform",
              "Name": "projet-c-vpc-default",
              "Project": "projet-c"
            },
            "tags_all": {
              "Environment": "local",
              "ManagedBy": "Terraform",
              "Name": "projet-c-vpc-default",
              "Project": "projet-c"
            },
            "vpc_id": "vpc-0d7e6688de5614541"
          },
          "sensitive_attributes": [],
          "identity_schema_version": 0,
          "private": "eyJzY2hlbWFfdmVyc2lvbiI6IjEifQ==",
          "dependencies": [
            "module.vpc.aws_vpc.this"
          ]
        }
      ]
    },
    {
      "module": "module.vpc",
      "mode": "managed",
      "type": "aws_eip",
      "name": "nat",
      "provider": "provider[\"registry.terraform.io/hashicorp/aws\"]",
      "instances": [
        {
          "index_key": 0,
          "schema_version": 0,
          "attributes": {
            "address": null,
            "allocation_id": "eipalloc-0a2227818828aab12",
            "arn": "arn:aws:ec2:ca-central-1:645860290752:elastic-ip/eipalloc-0a2227818828aab12",
            "associate_with_private_ip": null,
            "association_id": "eipassoc-0e60c75cc306dce43",
            "carrier_ip": "",
            "customer_owned_ip": "",
            "customer_owned_ipv4_pool": "",
            "domain": "vpc",
            "id": "eipalloc-0a2227818828aab12",
            "instance": "",
            "ipam_pool_id": null,
            "network_border_group": "ca-central-1",
            "network_interface": "eni-0ba592a42892b1063",
            "private_dns": "ip-10-0-101-162.ca-central-1.compute.internal",
            "private_ip": "10.0.101.162",
            "ptr_record": "",
            "public_dns": "ec2-99-79-120-74.ca-central-1.compute.amazonaws.com",
            "public_ip": "99.79.120.74",
            "public_ipv4_pool": "amazon",
            "tags": {
              "Environment": "local",
              "ManagedBy": "Terraform",
              "Name": "projet-c-vpc-ca-central-1a",
              "Project": "projet-c"
            },
            "tags_all": {
              "Environment": "local",
              "ManagedBy": "Terraform",
              "Name": "projet-c-vpc-ca-central-1a",
              "Project": "projet-c"
            },
            "timeouts": null,
            "vpc": true
          },
          "sensitive_attributes": [],
          "identity_schema_version": 0,
          "private": "eyJlMmJmYjczMC1lY2FhLTExZTYtOGY4OC0zNDM2M2JjN2M0YzAiOnsiZGVsZXRlIjoxODAwMDAwMDAwMDAsInJlYWQiOjkwMDAwMDAwMDAwMCwidXBkYXRlIjozMDAwMDAwMDAwMDB9fQ==",
          "dependencies": [
            "module.vpc.aws_internet_gateway.this",
            "module.vpc.aws_vpc.this",
            "module.vpc.aws_vpc_ipv4_cidr_block_association.this"
          ]
        }
      ]
    },
    {
      "module": "module.vpc",
      "mode": "managed",
      "type": "aws_internet_gateway",
      "name": "this",
      "provider": "provider[\"registry.terraform.io/hashicorp/aws\"]",
      "instances": [
        {
          "index_key": 0,
          "schema_version": 0,
          "attributes": {
            "arn": "arn:aws:ec2:ca-central-1:645860290752:internet-gateway/igw-09788d444d4452916",
            "id": "igw-09788d444d4452916",
            "owner_id": "645860290752",
            "tags": {
              "Environment": "local",
              "ManagedBy": "Terraform",
              "Name": "projet-c-vpc",
              "Project": "projet-c"
            },
            "tags_all": {
              "Environment": "local",
              "ManagedBy": "Terraform",
              "Name": "projet-c-vpc",
              "Project": "projet-c"
            },
            "timeouts": null,
            "vpc_id": "vpc-0d7e6688de5614541"
          },
          "sensitive_attributes": [],
          "identity_schema_version": 0,
          "private": "eyJlMmJmYjczMC1lY2FhLTExZTYtOGY4OC0zNDM2M2JjN2M0YzAiOnsiY3JlYXRlIjoxMjAwMDAwMDAwMDAwLCJkZWxldGUiOjEyMDAwMDAwMDAwMDAsInVwZGF0ZSI6MTIwMDAwMDAwMDAwMH19",
          "dependencies": [
            "module.vpc.aws_vpc.this",
            "module.vpc.aws_vpc_ipv4_cidr_block_association.this"
          ]
        }
      ]
    },
    {
      "module": "module.vpc",
      "mode": "managed",
      "type": "aws_nat_gateway",
      "name": "this",
      "provider": "provider[\"registry.terraform.io/hashicorp/aws\"]",
      "instances": [
        {
          "index_key": 0,
          "schema_version": 0,
          "attributes": {
            "allocation_id": "eipalloc-0a2227818828aab12",
            "association_id": "eipassoc-0e60c75cc306dce43",
            "connectivity_type": "public",
            "id": "nat-07270352cb0c51c4a",
            "network_interface_id": "eni-0ba592a42892b1063",
            "private_ip": "10.0.101.162",
            "public_ip": "99.79.120.74",
            "secondary_allocation_ids": [],
            "secondary_private_ip_address_count": 0,
            "secondary_private_ip_addresses": [],
            "subnet_id": "subnet-06d9fda733ddab27c",
            "tags": {
              "Environment": "local",
              "ManagedBy": "Terraform",
              "Name": "projet-c-vpc-ca-central-1a",
              "Project": "projet-c"
            },
            "tags_all": {
              "Environment": "local",
              "ManagedBy": "Terraform",
              "Name": "projet-c-vpc-ca-central-1a",
              "Project": "projet-c"
            },
            "timeouts": null
          },
          "sensitive_attributes": [],
          "identity_schema_version": 0,
          "private": "eyJlMmJmYjczMC1lY2FhLTExZTYtOGY4OC0zNDM2M2JjN2M0YzAiOnsiY3JlYXRlIjo2MDAwMDAwMDAwMDAsImRlbGV0ZSI6MTgwMDAwMDAwMDAwMCwidXBkYXRlIjo2MDAwMDAwMDAwMDB9fQ==",
          "dependencies": [
            "module.vpc.aws_eip.nat",
            "module.vpc.aws_internet_gateway.this",
            "module.vpc.aws_subnet.public",
            "module.vpc.aws_vpc.this",
            "module.vpc.aws_vpc_ipv4_cidr_block_association.this"
          ]
        }
      ]
    },
    {
      "module": "module.vpc",
      "mode": "managed",
      "type": "aws_route",
      "name": "private_nat_gateway",
      "provider": "provider[\"registry.terraform.io/hashicorp/aws\"]",
      "instances": [
        {
          "index_key": 0,
          "schema_version": 0,
          "attributes": {
            "carrier_gateway_id": "",
            "core_network_arn": "",
            "destination_cidr_block": "0.0.0.0/0",
            "destination_ipv6_cidr_block": "",
            "destination_prefix_list_id": "",
            "egress_only_gateway_id": "",
            "gateway_id": "",
            "id": "r-rtb-0aaa0a30dc460475b1080289494",
            "instance_id": "",
            "instance_owner_id": "",
            "local_gateway_id": "",
            "nat_gateway_id": "nat-07270352cb0c51c4a",
            "network_interface_id": "",
            "origin": "CreateRoute",
            "route_table_id": "rtb-0aaa0a30dc460475b",
            "state": "active",
            "timeouts": {
              "create": "5m",
              "delete": null,
              "update": null
            },
            "transit_gateway_id": "",
            "vpc_endpoint_id": "",
            "vpc_peering_connection_id": ""
          },
          "sensitive_attributes": [],
          "identity_schema_version": 0,
          "private": "eyJlMmJmYjczMC1lY2FhLTExZTYtOGY4OC0zNDM2M2JjN2M0YzAiOnsiY3JlYXRlIjozMDAwMDAwMDAwMDAsImRlbGV0ZSI6MzAwMDAwMDAwMDAwLCJ1cGRhdGUiOjEyMDAwMDAwMDAwMH19",
          "dependencies": [
            "module.vpc.aws_eip.nat",
            "module.vpc.aws_internet_gateway.this",
            "module.vpc.aws_nat_gateway.this",
            "module.vpc.aws_route_table.private",
            "module.vpc.aws_subnet.public",
            "module.vpc.aws_vpc.this",
            "module.vpc.aws_vpc_ipv4_cidr_block_association.this"
          ]
        }
      ]
    },
    {
      "module": "module.vpc",
      "mode": "managed",
      "type": "aws_route",
      "name": "public_internet_gateway",
      "provider": "provider[\"registry.terraform.io/hashicorp/aws\"]",
      "instances": [
        {
          "index_key": 0,
          "schema_version": 0,
          "attributes": {
            "carrier_gateway_id": "",
            "core_network_arn": "",
            "destination_cidr_block": "0.0.0.0/0",
            "destination_ipv6_cidr_block": "",
            "destination_prefix_list_id": "",
            "egress_only_gateway_id": "",
            "gateway_id": "igw-09788d444d4452916",
            "id": "r-rtb-09a27469de9fe8f411080289494",
            "instance_id": "",
            "instance_owner_id": "",
            "local_gateway_id": "",
            "nat_gateway_id": "",
            "network_interface_id": "",
            "origin": "CreateRoute",
            "route_table_id": "rtb-09a27469de9fe8f41",
            "state": "active",
            "timeouts": {
              "create": "5m",
              "delete": null,
              "update": null
            },
            "transit_gateway_id": "",
            "vpc_endpoint_id": "",
            "vpc_peering_connection_id": ""
          },
          "sensitive_attributes": [],
          "identity_schema_version": 0,
          "private": "eyJlMmJmYjczMC1lY2FhLTExZTYtOGY4OC0zNDM2M2JjN2M0YzAiOnsiY3JlYXRlIjozMDAwMDAwMDAwMDAsImRlbGV0ZSI6MzAwMDAwMDAwMDAwLCJ1cGRhdGUiOjEyMDAwMDAwMDAwMH19",
          "dependencies": [
            "module.vpc.aws_internet_gateway.this",
            "module.vpc.aws_route_table.public",
            "module.vpc.aws_vpc.this",
            "module.vpc.aws_vpc_ipv4_cidr_block_association.this"
          ]
        }
      ]
    },
    {
      "module": "module.vpc",
      "mode": "managed",
      "type": "aws_route_table",
      "name": "private",
      "provider": "provider[\"registry.terraform.io/hashicorp/aws\"]",
      "instances": [
        {
          "index_key": 0,
          "schema_version": 0,
          "attributes": {
            "arn": "arn:aws:ec2:ca-central-1:645860290752:route-table/rtb-0aaa0a30dc460475b",
            "id": "rtb-0aaa0a30dc460475b",
            "owner_id": "645860290752",
            "propagating_vgws": [],
            "route": [
              {
                "carrier_gateway_id": "",
                "cidr_block": "0.0.0.0/0",
                "core_network_arn": "",
                "destination_prefix_list_id": "",
                "egress_only_gateway_id": "",
                "gateway_id": "",
                "ipv6_cidr_block": "",
                "local_gateway_id": "",
                "nat_gateway_id": "nat-07270352cb0c51c4a",
                "network_interface_id": "",
                "transit_gateway_id": "",
                "vpc_endpoint_id": "",
                "vpc_peering_connection_id": ""
              }
            ],
            "tags": {
              "Environment": "local",
              "ManagedBy": "Terraform",
              "Name": "projet-c-vpc-private",
              "Project": "projet-c"
            },
            "tags_all": {
              "Environment": "local",
              "ManagedBy": "Terraform",
              "Name": "projet-c-vpc-private",
              "Project": "projet-c"
            },
            "timeouts": null,
            "vpc_id": "vpc-0d7e6688de5614541"
          },
          "sensitive_attributes": [],
          "identity_schema_version": 0,
          "private": "eyJlMmJmYjczMC1lY2FhLTExZTYtOGY4OC0zNDM2M2JjN2M0YzAiOnsiY3JlYXRlIjozMDAwMDAwMDAwMDAsImRlbGV0ZSI6MzAwMDAwMDAwMDAwLCJ1cGRhdGUiOjEyMDAwMDAwMDAwMH19",
          "dependencies": [
            "module.vpc.aws_vpc.this",
            "module.vpc.aws_vpc_ipv4_cidr_block_association.this"
          ]
        }
      ]
    },
    {
      "module": "module.vpc",
      "mode": "managed",
      "type": "aws_route_table",
      "name": "public",
      "provider": "provider[\"registry.terraform.io/hashicorp/aws\"]",
      "instances": [
        {
          "index_key": 0,
          "schema_version": 0,
          "attributes": {
            "arn": "arn:aws:ec2:ca-central-1:645860290752:route-table/rtb-09a27469de9fe8f41",
            "id": "rtb-09a27469de9fe8f41",
            "owner_id": "645860290752",
            "propagating_vgws": [],
            "route": [
              {
                "carrier_gateway_id": "",
                "cidr_block": "0.0.0.0/0",
                "core_network_arn": "",
                "destination_prefix_list_id": "",
                "egress_only_gateway_id": "",
                "gateway_id": "igw-09788d444d4452916",
                "ipv6_cidr_block": "",
                "local_gateway_id": "",
                "nat_gateway_id": "",
                "network_interface_id": "",
                "transit_gateway_id": "",
                "vpc_endpoint_id": "",
                "vpc_peering_connection_id": ""
              }
            ],
            "tags": {
              "Environment": "local",
              "ManagedBy": "Terraform",
              "Name": "projet-c-vpc-public",
              "Project": "projet-c"
            },
            "tags_all": {
              "Environment": "local",
              "ManagedBy": "Terraform",
              "Name": "projet-c-vpc-public",
              "Project": "projet-c"
            },
            "timeouts": null,
            "vpc_id": "vpc-0d7e6688de5614541"
          },
          "sensitive_attributes": [],
          "identity_schema_version": 0,
          "private": "eyJlMmJmYjczMC1lY2FhLTExZTYtOGY4OC0zNDM2M2JjN2M0YzAiOnsiY3JlYXRlIjozMDAwMDAwMDAwMDAsImRlbGV0ZSI6MzAwMDAwMDAwMDAwLCJ1cGRhdGUiOjEyMDAwMDAwMDAwMH19",
          "dependencies": [
            "module.vpc.aws_vpc.this",
            "module.vpc.aws_vpc_ipv4_cidr_block_association.this"
          ]
        }
      ]
    },
    {
      "module": "module.vpc",
      "mode": "managed",
      "type": "aws_route_table_association",
      "name": "private",
      "provider": "provider[\"registry.terraform.io/hashicorp/aws\"]",
      "instances": [
        {
          "index_key": 0,
          "schema_version": 0,
          "attributes": {
            "gateway_id": "",
            "id": "rtbassoc-08aef92cb936e5cdf",
            "route_table_id": "rtb-0aaa0a30dc460475b",
            "subnet_id": "subnet-020255cba5df0e761",
            "timeouts": null
          },
          "sensitive_attributes": [],
          "identity_schema_version": 0,
          "private": "eyJlMmJmYjczMC1lY2FhLTExZTYtOGY4OC0zNDM2M2JjN2M0YzAiOnsiY3JlYXRlIjozMDAwMDAwMDAwMDAsImRlbGV0ZSI6MzAwMDAwMDAwMDAwLCJ1cGRhdGUiOjEyMDAwMDAwMDAwMH19",
          "dependencies": [
            "module.vpc.aws_route_table.private",
            "module.vpc.aws_subnet.private",
            "module.vpc.aws_vpc.this",
            "module.vpc.aws_vpc_ipv4_cidr_block_association.this"
          ]
        },
        {
          "index_key": 1,
          "schema_version": 0,
          "attributes": {
            "gateway_id": "",
            "id": "rtbassoc-090a6d9498fc324c7",
            "route_table_id": "rtb-0aaa0a30dc460475b",
            "subnet_id": "subnet-0b97f4ce03b655310",
            "timeouts": null
          },
          "sensitive_attributes": [],
          "identity_schema_version": 0,
          "private": "eyJlMmJmYjczMC1lY2FhLTExZTYtOGY4OC0zNDM2M2JjN2M0YzAiOnsiY3JlYXRlIjozMDAwMDAwMDAwMDAsImRlbGV0ZSI6MzAwMDAwMDAwMDAwLCJ1cGRhdGUiOjEyMDAwMDAwMDAwMH19",
          "dependencies": [
            "module.vpc.aws_route_table.private",
            "module.vpc.aws_subnet.private",
            "module.vpc.aws_vpc.this",
            "module.vpc.aws_vpc_ipv4_cidr_block_association.this"
          ]
        }
      ]
    },
    {
      "module": "module.vpc",
      "mode": "managed",
      "type": "aws_route_table_association",
      "name": "public",
      "provider": "provider[\"registry.terraform.io/hashicorp/aws\"]",
      "instances": [
        {
          "index_key": 0,
          "schema_version": 0,
          "attributes": {
            "gateway_id": "",
            "id": "rtbassoc-0daf0bf002500100f",
            "route_table_id": "rtb-09a27469de9fe8f41",
            "subnet_id": "subnet-06d9fda733ddab27c",
            "timeouts": null
          },
          "sensitive_attributes": [],
          "identity_schema_version": 0,
          "private": "eyJlMmJmYjczMC1lY2FhLTExZTYtOGY4OC0zNDM2M2JjN2M0YzAiOnsiY3JlYXRlIjozMDAwMDAwMDAwMDAsImRlbGV0ZSI6MzAwMDAwMDAwMDAwLCJ1cGRhdGUiOjEyMDAwMDAwMDAwMH19",
          "dependencies": [
            "module.vpc.aws_route_table.public",
            "module.vpc.aws_subnet.public",
            "module.vpc.aws_vpc.this",
            "module.vpc.aws_vpc_ipv4_cidr_block_association.this"
          ]
        },
        {
          "index_key": 1,
          "schema_version": 0,
          "attributes": {
            "gateway_id": "",
            "id": "rtbassoc-06afff3bef1b03cff",
            "route_table_id": "rtb-09a27469de9fe8f41",
            "subnet_id": "subnet-0cf3b9c6f29e5cf81",
            "timeouts": null
          },
          "sensitive_attributes": [],
          "identity_schema_version": 0,
          "private": "eyJlMmJmYjczMC1lY2FhLTExZTYtOGY4OC0zNDM2M2JjN2M0YzAiOnsiY3JlYXRlIjozMDAwMDAwMDAwMDAsImRlbGV0ZSI6MzAwMDAwMDAwMDAwLCJ1cGRhdGUiOjEyMDAwMDAwMDAwMH19",
          "dependencies": [
            "module.vpc.aws_route_table.public",
            "module.vpc.aws_subnet.public",
            "module.vpc.aws_vpc.this",
            "module.vpc.aws_vpc_ipv4_cidr_block_association.this"
          ]
        }
      ]
    },
    {
      "module": "module.vpc",
      "mode": "managed",
      "type": "aws_subnet",
      "name": "private",
      "provider": "provider[\"registry.terraform.io/hashicorp/aws\"]",
      "instances": [
        {
          "index_key": 0,
          "schema_version": 1,
          "attributes": {
            "arn": "arn:aws:ec2:ca-central-1:645860290752:subnet/subnet-020255cba5df0e761",
            "assign_ipv6_address_on_creation": false,
            "availability_zone": "ca-central-1a",
            "availability_zone_id": "cac1-az1",
            "cidr_block": "10.0.1.0/24",
            "customer_owned_ipv4_pool": "",
            "enable_dns64": false,
            "enable_lni_at_device_index": 0,
            "enable_resource_name_dns_a_record_on_launch": false,
            "enable_resource_name_dns_aaaa_record_on_launch": false,
            "id": "subnet-020255cba5df0e761",
            "ipv6_cidr_block": "",
            "ipv6_cidr_block_association_id": "",
            "ipv6_native": false,
            "map_customer_owned_ip_on_launch": false,
            "map_public_ip_on_launch": false,
            "outpost_arn": "",
            "owner_id": "645860290752",
            "private_dns_hostname_type_on_launch": "ip-name",
            "tags": {
              "Environment": "local",
              "ManagedBy": "Terraform",
              "Name": "projet-c-vpc-private-ca-central-1a",
              "Project": "projet-c"
            },
            "tags_all": {
              "Environment": "local",
              "ManagedBy": "Terraform",
              "Name": "projet-c-vpc-private-ca-central-1a",
              "Project": "projet-c"
            },
            "timeouts": null,
            "vpc_id": "vpc-0d7e6688de5614541"
          },
          "sensitive_attributes": [],
          "identity_schema_version": 0,
          "private": "eyJlMmJmYjczMC1lY2FhLTExZTYtOGY4OC0zNDM2M2JjN2M0YzAiOnsiY3JlYXRlIjo2MDAwMDAwMDAwMDAsImRlbGV0ZSI6MTIwMDAwMDAwMDAwMH0sInNjaGVtYV92ZXJzaW9uIjoiMSJ9",
          "dependencies": [
            "module.vpc.aws_vpc.this",
            "module.vpc.aws_vpc_ipv4_cidr_block_association.this"
          ]
        },
        {
          "index_key": 1,
          "schema_version": 1,
          "attributes": {
            "arn": "arn:aws:ec2:ca-central-1:645860290752:subnet/subnet-0b97f4ce03b655310",
            "assign_ipv6_address_on_creation": false,
            "availability_zone": "ca-central-1b",
            "availability_zone_id": "cac1-az2",
            "cidr_block": "10.0.2.0/24",
            "customer_owned_ipv4_pool": "",
            "enable_dns64": false,
            "enable_lni_at_device_index": 0,
            "enable_resource_name_dns_a_record_on_launch": false,
            "enable_resource_name_dns_aaaa_record_on_launch": false,
            "id": "subnet-0b97f4ce03b655310",
            "ipv6_cidr_block": "",
            "ipv6_cidr_block_association_id": "",
            "ipv6_native": false,
            "map_customer_owned_ip_on_launch": false,
            "map_public_ip_on_launch": false,
            "outpost_arn": "",
            "owner_id": "645860290752",
            "private_dns_hostname_type_on_launch": "ip-name",
            "tags": {
              "Environment": "local",
              "ManagedBy": "Terraform",
              "Name": "projet-c-vpc-private-ca-central-1b",
              "Project": "projet-c"
            },
            "tags_all": {
              "Environment": "local",
              "ManagedBy": "Terraform",
              "Name": "projet-c-vpc-private-ca-central-1b",
              "Project": "projet-c"
            },
            "timeouts": null,
            "vpc_id": "vpc-0d7e6688de5614541"
          },
          "sensitive_attributes": [],
          "identity_schema_version": 0,
          "private": "eyJlMmJmYjczMC1lY2FhLTExZTYtOGY4OC0zNDM2M2JjN2M0YzAiOnsiY3JlYXRlIjo2MDAwMDAwMDAwMDAsImRlbGV0ZSI6MTIwMDAwMDAwMDAwMH0sInNjaGVtYV92ZXJzaW9uIjoiMSJ9",
          "dependencies": [
            "module.vpc.aws_vpc.this",
            "module.vpc.aws_vpc_ipv4_cidr_block_association.this"
          ]
        }
      ]
    },
    {
      "module": "module.vpc",
      "mode": "managed",
      "type": "aws_subnet",
      "name": "public",
      "provider": "provider[\"registry.terraform.io/hashicorp/aws\"]",
      "instances": [
        {
          "index_key": 0,
          "schema_version": 1,
          "attributes": {
            "arn": "arn:aws:ec2:ca-central-1:645860290752:subnet/subnet-06d9fda733ddab27c",
            "assign_ipv6_address_on_creation": false,
            "availability_zone": "ca-central-1a",
            "availability_zone_id": "cac1-az1",
            "cidr_block": "10.0.101.0/24",
            "customer_owned_ipv4_pool": "",
            "enable_dns64": false,
            "enable_lni_at_device_index": 0,
            "enable_resource_name_dns_a_record_on_launch": false,
            "enable_resource_name_dns_aaaa_record_on_launch": false,
            "id": "subnet-06d9fda733ddab27c",
            "ipv6_cidr_block": "",
            "ipv6_cidr_block_association_id": "",
            "ipv6_native": false,
            "map_customer_owned_ip_on_launch": false,
            "map_public_ip_on_launch": false,
            "outpost_arn": "",
            "owner_id": "645860290752",
            "private_dns_hostname_type_on_launch": "ip-name",
            "tags": {
              "Environment": "local",
              "ManagedBy": "Terraform",
              "Name": "projet-c-vpc-public-ca-central-1a",
              "Project": "projet-c"
            },
            "tags_all": {
              "Environment": "local",
              "ManagedBy": "Terraform",
              "Name": "projet-c-vpc-public-ca-central-1a",
              "Project": "projet-c"
            },
            "timeouts": null,
            "vpc_id": "vpc-0d7e6688de5614541"
          },
          "sensitive_attributes": [],
          "identity_schema_version": 0,
          "private": "eyJlMmJmYjczMC1lY2FhLTExZTYtOGY4OC0zNDM2M2JjN2M0YzAiOnsiY3JlYXRlIjo2MDAwMDAwMDAwMDAsImRlbGV0ZSI6MTIwMDAwMDAwMDAwMH0sInNjaGVtYV92ZXJzaW9uIjoiMSJ9",
          "dependencies": [
            "module.vpc.aws_vpc.this",
            "module.vpc.aws_vpc_ipv4_cidr_block_association.this"
          ]
        },
        {
          "index_key": 1,
          "schema_version": 1,
          "attributes": {
            "arn": "arn:aws:ec2:ca-central-1:645860290752:subnet/subnet-0cf3b9c6f29e5cf81",
            "assign_ipv6_address_on_creation": false,
            "availability_zone": "ca-central-1b",
            "availability_zone_id": "cac1-az2",
            "cidr_block": "10.0.102.0/24",
            "customer_owned_ipv4_pool": "",
            "enable_dns64": false,
            "enable_lni_at_device_index": 0,
            "enable_resource_name_dns_a_record_on_launch": false,
            "enable_resource_name_dns_aaaa_record_on_launch": false,
            "id": "subnet-0cf3b9c6f29e5cf81",
            "ipv6_cidr_block": "",
            "ipv6_cidr_block_association_id": "",
            "ipv6_native": false,
            "map_customer_owned_ip_on_launch": false,
            "map_public_ip_on_launch": false,
            "outpost_arn": "",
            "owner_id": "645860290752",
            "private_dns_hostname_type_on_launch": "ip-name",
            "tags": {
              "Environment": "local",
              "ManagedBy": "Terraform",
              "Name": "projet-c-vpc-public-ca-central-1b",
              "Project": "projet-c"
            },
            "tags_all": {
              "Environment": "local",
              "ManagedBy": "Terraform",
              "Name": "projet-c-vpc-public-ca-central-1b",
              "Project": "projet-c"
            },
            "timeouts": null,
            "vpc_id": "vpc-0d7e6688de5614541"
          },
          "sensitive_attributes": [],
          "identity_schema_version": 0,
          "private": "eyJlMmJmYjczMC1lY2FhLTExZTYtOGY4OC0zNDM2M2JjN2M0YzAiOnsiY3JlYXRlIjo2MDAwMDAwMDAwMDAsImRlbGV0ZSI6MTIwMDAwMDAwMDAwMH0sInNjaGVtYV92ZXJzaW9uIjoiMSJ9",
          "dependencies": [
            "module.vpc.aws_vpc.this",
            "module.vpc.aws_vpc_ipv4_cidr_block_association.this"
          ]
        }
      ]
    },
    {
      "module": "module.vpc",
      "mode": "managed",
      "type": "aws_vpc",
      "name": "this",
      "provider": "provider[\"registry.terraform.io/hashicorp/aws\"]",
      "instances": [
        {
          "index_key": 0,
          "schema_version": 1,
          "attributes": {
            "arn": "arn:aws:ec2:ca-central-1:645860290752:vpc/vpc-0d7e6688de5614541",
            "assign_generated_ipv6_cidr_block": false,
            "cidr_block": "10.0.0.0/16",
            "default_network_acl_id": "acl-0a26c7a055c6e5d78",
            "default_route_table_id": "rtb-0a8a56e729f0835ae",
            "default_security_group_id": "sg-0c837976143240e48",
            "dhcp_options_id": "dopt-0ea34e9e223031242",
            "enable_dns_hostnames": true,
            "enable_dns_support": true,
            "enable_network_address_usage_metrics": false,
            "id": "vpc-0d7e6688de5614541",
            "instance_tenancy": "default",
            "ipv4_ipam_pool_id": null,
            "ipv4_netmask_length": null,
            "ipv6_association_id": "",
            "ipv6_cidr_block": "",
            "ipv6_cidr_block_network_border_group": "",
            "ipv6_ipam_pool_id": "",
            "ipv6_netmask_length": 0,
            "main_route_table_id": "rtb-0a8a56e729f0835ae",
            "owner_id": "645860290752",
            "tags": {
              "Environment": "local",
              "ManagedBy": "Terraform",
              "Name": "projet-c-vpc",
              "Project": "projet-c"
            },
            "tags_all": {
              "Environment": "local",
              "ManagedBy": "Terraform",
              "Name": "projet-c-vpc",
              "Project": "projet-c"
            }
          },
          "sensitive_attributes": [],
          "identity_schema_version": 0,
          "private": "eyJzY2hlbWFfdmVyc2lvbiI6IjEifQ==",
          "create_before_destroy": true
        }
      ]
    }
  ],
  "check_results": null
}
